#MicroXplorer Configuration settings - do not modify
Mcu.Family=STM32L0
ProjectManager.MainLocation=Src
PA6.Mode=G2_IO3-Sampling
RCC.USART1Freq_Value=32000000
TSC.ChannelIOs-G6_IO2=TSC_GROUP6_IO2
TSC.ChannelIOs-G6_IO4=TSC_GROUP6_IO4
ProjectManager.KeepUserCode=true
Mcu.UserName=STM32L052C8Tx
RCC.PLLCLKFreq_Value=32000000
TOUCHSENSING.IO_5CH_LIN_H_NBR2_CH5=G6_IO2
TOUCHSENSING.IO_5CH_LIN_H_NBR2_CH4=G1_IO2
TOUCHSENSING.IO_5CH_LIN_H_NBR2_CH3=G3_IO2
TOUCHSENSING.IO_5CH_LIN_H_NBR2_CH2=G2_IO2
PA0.GPIO_Label=GND_passthrough
TOUCHSENSING.IO_5CH_LIN_H_NBR2_CH1=G5_IO2
ProjectManager.functionlistsort=1-MX_GPIO_Init-GPIO-false-HAL-true,2-SystemClock_Config-RCC-false-HAL-false,3-MX_TSC_Init-TSC-false-HAL-true,4-MX_USART1_UART_Init-USART1-false-HAL-true,5-MX_TOUCHSENSING_Init-TOUCHSENSING-false-HAL-false
PA11.Mode=G4_IO3-Sampling
RCC.RTCFreq_Value=37000
PB6.GPIO_Label=USART1_TX_passthrough
RCC.USART2Freq_Value=32000000
TSC.ChannelIOs-G2_IO1=TSC_GROUP2_IO1
NVIC.SVC_IRQn=true\:0\:0\:false\:false\:true\:false\:false
TSC.ChannelIOs-G2_IO2=TSC_GROUP2_IO2
TSC.ChannelIOs-G2_IO4=TSC_GROUP2_IO4
USART1.IPParameters=VirtualMode-Asynchronous
PC13.GPIO_Label=DBGLED_Rn
PB11.Signal=GPIO_Output
PB13.Signal=TSC_G6_IO3
PB15.Signal=GPIO_Output
RCC.48CLKFreq_Value=48000000
PC15-OSC32_OUT.GPIO_Label=AUX_IRQn
PinOutPanel.RotationAngle=0
RCC.SYSCLKSource=RCC_SYSCLKSOURCE_PLLCLK
ProjectManager.StackSize=0x400
PB5.GPIOParameters=GPIO_Label
Mcu.IP4=TSC
RCC.FCLKCortexFreq_Value=32000000
Mcu.IP5=USART1
Mcu.IP2=SYS
Mcu.IP3=TOUCHSENSING
PA15.GPIO_Label=GND_passthrough3
Mcu.IP0=NVIC
Mcu.IP1=RCC
PA12.Signal=TSC_G4_IO4
RCC.PLLDIV=RCC_PLLDIV_3
TSC.SamplingIOs-G4_IO3=TSC_GROUP4_IO3
Mcu.UserConstants=
Mcu.ThirdPartyNb=0
RCC.HCLKFreq_Value=32000000
Mcu.IPNb=6
ProjectManager.PreviousToolchain=
RCC.APB2TimFreq_Value=32000000
PB6.Signal=GPIO_Input
Mcu.Pin6=PA3
Mcu.Pin7=PA4
Mcu.Pin8=PA5
Mcu.Pin9=PA6
RCC.AHBFreq_Value=32000000
Mcu.Pin0=PC13
Mcu.Pin1=PC14-OSC32_IN
GPIO.groupedBy=Group By Peripherals
Mcu.Pin2=PC15-OSC32_OUT
Mcu.Pin3=PA0
Mcu.Pin4=PA1
Mcu.Pin5=PA2
ProjectManager.ProjectBuild=false
RCC.HSE_VALUE=8000000
PA0.Locked=true
PB2.Signal=TSC_G3_IO4
TOUCHSENSING.TSLPRM_USE_PROX=0
PA4.Locked=true
NVIC.SysTick_IRQn=true\:0\:0\:false\:false\:true\:false\:true
RCC.PLLMUL=RCC_PLLMUL_6
ProjectManager.FirmwarePackage=STM32Cube FW_L0 V1.11.2
MxDb.Version=DB.6.0.0
PB4.Mode=G5_IO2-Channel
ProjectManager.BackupPrevious=false
RCC.VCOInputFreq_Value=16000000
PA14.Mode=Serial_Wire
PB14.Mode=G6_IO4-Channel
File.Version=6
TSC.ChannelIOs-G5_IO2=TSC_GROUP5_IO2
PB7.Signal=TSC_G5_IO4
PB8.Locked=true
TSC.SamplingIOs-G5_IO4=TSC_GROUP5_IO4
PB6.Locked=true
PC15-OSC32_OUT.PinState=GPIO_PIN_SET
NVIC.PendSV_IRQn=true\:0\:0\:false\:false\:true\:false\:false
PB6.GPIOParameters=GPIO_Label
ProjectManager.HalAssertFull=false
PC14-OSC32_IN.GPIOParameters=GPIO_Speed,PinState,GPIO_Label
ProjectManager.ProjectName=ss2k_touchsns
PA0.Signal=GPIO_Output
PC14-OSC32_IN.GPIO_Speed=GPIO_SPEED_FREQ_MEDIUM
Mcu.Package=LQFP48
PB1.Signal=TSC_G3_IO3
PA6.Signal=TSC_G2_IO3
PB12.Mode=G6_IO2-Channel
TSC.ChannelIOs-G1_IO4=TSC_GROUP1_IO4
PC14-OSC32_IN.PinState=GPIO_PIN_RESET
TSC.ChannelIOs-G1_IO2=TSC_GROUP1_IO2
ProjectManager.ToolChainLocation=
RCC.LSI_VALUE=37000
VP_SYS_VS_Systick.Signal=SYS_VS_Systick
PA10.Signal=USART1_RX
PA15.Signal=GPIO_Output
PB5.GPIO_Label=USART1_RX_passthrough
RCC.APB1TimFreq_Value=32000000
PC13.GPIO_Speed=GPIO_SPEED_FREQ_LOW
PC14-OSC32_IN.GPIO_Label=DBGLED_Gn
PC15-OSC32_OUT.GPIO_Speed=GPIO_SPEED_FREQ_MEDIUM
PB10.GPIOParameters=GPIO_Label
PB13.Mode=G6_IO3-Sampling
PC15-OSC32_OUT.GPIOParameters=GPIO_Speed,PinState,GPIO_Label
PA4.GPIO_Label=GND_output
ProjectManager.CustomerFirmwarePackage=
PC14-OSC32_IN.Locked=true
PC13.PinState=GPIO_PIN_SET
RCC.HSI48_VALUE=48000000
RCC.LPTIMFreq_Value=32000000
PB15.Locked=true
PB4.Signal=TSC_G5_IO2
TSC.SamplingIOs-G1_IO3=TSC_GROUP1_IO3
PA3.Signal=TSC_G1_IO4
PA5.Mode=G2_IO2-Channel
RCC.TIMFreq_Value=32000000
RCC.MSI_VALUE=2097000
RCC.VDD_VALUE=3
ProjectManager.ProjectFileName=ss2k_touchsns.ioc
PB8.GPIOParameters=GPIO_Label
PA7.Mode=G2_IO4-Channel
RCC.48USBFreq_Value=48000000
PA10.Mode=Asynchronous
PA15.GPIOParameters=GPIO_Label
Mcu.PinsNb=34
ProjectManager.NoMain=false
PC13.Locked=true
RCC.LPUARTFreq_Value=32000000
PC13.Signal=GPIO_Output
PB11.GPIO_Label=GND_pt5
TSC.ChannelIOs-G4_IO4=TSC_GROUP4_IO4
ProjectManager.DefaultFWLocation=true
ProjectManager.DeletePrevious=true
PC14-OSC32_IN.Signal=GPIO_Output
PB10.Locked=true
RCC.TimerFreq_Value=32000000
TSC.SamplingIOs-G6_IO3=TSC_GROUP6_IO3
RCC.FamilyName=M
TOUCHSENSING.TSLPRM_USE_5CH_LIN_H_NBR=2
RCC.WatchDogFreq_Value=37000
USART1.VirtualMode-Asynchronous=VM_ASYNC
PA3.Mode=G1_IO4-Channel
PA13.Signal=SYS_SWDIO
RCC.HSI16_VALUE=16000000
TSC.SamplingIOs-G2_IO3=TSC_GROUP2_IO3
PB8.GPIO_Label=GND_pth6
PA15.Locked=true
PA9.Mode=Asynchronous
PC15-OSC32_OUT.Locked=true
TOUCHSENSING.TSLPRM_USE_5CH_LIN_H=1
ProjectManager.TargetToolchain=Makefile
PB10.GPIO_Label=GND_pt4
PA9.Signal=USART1_TX
PB11.GPIOParameters=GPIO_Label
PB5.Locked=true
ProjectManager.RegisterCallBack=
RCC.LSE_VALUE=32768
PC15-OSC32_OUT.Signal=GPIO_Output
PA1.Signal=TSC_G1_IO2
PB10.Signal=GPIO_Output
PB14.Signal=TSC_G6_IO4
PA5.Signal=TSC_G2_IO2
VP_TOUCHSENSING_VS_TOUCHSENSING.Mode=TouchSensing_Enabled
RCC.MCOPinFreq_Value=32000000
PB0.Mode=G3_IO2-Channel
board=custom
RCC.VCOOutputFreq_Value=96000000
ProjectManager.LastFirmware=true
RCC.APB2Freq_Value=32000000
PA1.Mode=G1_IO2-Channel
MxCube.Version=6.0.1
PB15.GPIO_Label=GND_passthrough2
RCC.I2C1Freq_Value=32000000
PC13.GPIOParameters=GPIO_Speed,PinState,GPIO_Label
TOUCHSENSING.IO_5CH_LIN_H_NBR1_CH1=G1_IO4
TOUCHSENSING.TSLPRM_SENSORS_DATAS=TSLPRM_USE_5CH_LIN_H_NBR1 1 5 TSLPRM_USE_5CH_LIN_H_NBR2 1 5 
Mcu.Pin30=PB7
VP_SYS_VS_Systick.Mode=SysTick
TOUCHSENSING.IO_5CH_LIN_H_NBR1_CH3=G6_IO4
TOUCHSENSING.IO_5CH_LIN_H_NBR1_CH2=G4_IO4
TSC.IPParameters=ChannelIOs-G1_IO2,ChannelIOs-G2_IO2,ChannelIOs-G3_IO2,ChannelIOs-G5_IO2,ChannelIOs-G6_IO2,ChannelIOs-G1_IO4,ChannelIOs-G2_IO4,SamplingIOs-G3_IO3,ChannelIOs-G3_IO4,ChannelIOs-G6_IO4,SamplingIOs-G4_IO3,ChannelIOs-G4_IO4,SamplingIOs-G1_IO3,SamplingIOs-G6_IO3,SamplingIOs-G5_IO4,SamplingIOs-G2_IO3,ChannelIOs-G2_IO1
Mcu.Pin33=VP_TOUCHSENSING_VS_TOUCHSENSING
TOUCHSENSING.IO_5CH_LIN_H_NBR1_CH5=G2_IO4
TOUCHSENSING.IO_5CH_LIN_H_NBR1_CH4=G3_IO4
Mcu.Pin31=PB8
Mcu.Pin32=VP_SYS_VS_Systick
NVIC.NonMaskableInt_IRQn=true\:0\:0\:false\:false\:true\:false\:false
PA4.GPIOParameters=GPIO_Label
VP_TOUCHSENSING_VS_TOUCHSENSING.Signal=TOUCHSENSING_VS_TOUCHSENSING
PB15.GPIOParameters=GPIO_Label
PA13.Mode=Serial_Wire
ProjectManager.FreePins=false
RCC.IPParameters=48CLKFreq_Value,48RNGFreq_Value,48USBFreq_Value,AHBFreq_Value,APB1Freq_Value,APB1TimFreq_Value,APB2Freq_Value,APB2TimFreq_Value,FCLKCortexFreq_Value,FamilyName,HCLKFreq_Value,HSE_VALUE,HSI16_VALUE,HSI48_VALUE,HSI_VALUE,I2C1Freq_Value,LPTIMFreq_Value,LPUARTFreq_Value,LSE_VALUE,LSI_VALUE,MCOPinFreq_Value,MSI_VALUE,PLLCLKFreq_Value,PLLDIV,PLLMUL,PWRFreq_Value,RTCFreq_Value,RTCHSEDivFreq_Value,SYSCLKFreq_VALUE,SYSCLKSource,TIMFreq_Value,TimerFreq_Value,USART1Freq_Value,USART2Freq_Value,VCOInputFreq_Value,VCOOutputFreq_Value,VDD_VALUE,WatchDogFreq_Value
ProjectManager.AskForMigrate=true
Mcu.Name=STM32L052C(6-8)Tx
Mcu.Pin26=PA15
Mcu.Pin27=PB4
RCC.RTCHSEDivFreq_Value=4000000
PA2.Signal=TSC_G1_IO3
Mcu.Pin24=PA13
ProjectManager.UnderRoot=false
Mcu.Pin25=PA14
Mcu.Pin28=PB5
Mcu.Pin29=PB6
ProjectManager.CoupleFile=false
PA4.Signal=GPIO_Output
RCC.SYSCLKFreq_VALUE=32000000
TSC.ChannelIOs-G3_IO4=TSC_GROUP3_IO4
Mcu.Pin22=PA11
PB5.Signal=GPIO_Input
TSC.ChannelIOs-G3_IO2=TSC_GROUP3_IO2
Mcu.Pin23=PA12
Mcu.Pin20=PA9
Mcu.Pin21=PA10
PA12.Mode=G4_IO4-Channel
NVIC.ForceEnableDMAVector=true
KeepUserPlacement=false
TSC.SamplingIOs-G3_IO3=TSC_GROUP3_IO3
PB2.Mode=G3_IO4-Channel
ProjectManager.CompilerOptimize=6
PB7.Mode=G5_IO4-Sampling
PA11.Signal=TSC_G4_IO3
PA14.Signal=SYS_SWCLK
ProjectManager.HeapSize=0x200
PA0.GPIOParameters=GPIO_Label
Mcu.Pin15=PB11
NVIC.HardFault_IRQn=true\:0\:0\:false\:false\:true\:false\:false
PB1.Mode=G3_IO3-Sampling
Mcu.Pin16=PB12
Mcu.Pin13=PB2
Mcu.Pin14=PB10
Mcu.Pin19=PB15
TOUCHSENSING.IPParameters=TSLPRM_USE_5CH_LIN_H,TSLPRM_USE_5CH_LIN_H_NBR,IO_5CH_LIN_H_NBR1_CH1,IO_5CH_LIN_H_NBR1_CH2,IO_5CH_LIN_H_NBR1_CH3,IO_5CH_LIN_H_NBR1_CH4,IO_5CH_LIN_H_NBR1_CH5,IO_5CH_LIN_H_NBR2_CH1,IO_5CH_LIN_H_NBR2_CH2,IO_5CH_LIN_H_NBR2_CH3,IO_5CH_LIN_H_NBR2_CH4,IO_5CH_LIN_H_NBR2_CH5,TSLPRM_SENSORS_DATAS,TSLPRM_USE_PROX,IO_5CH_LIN_H_NBR1_CH1-TouchSensing_Enabled
ProjectManager.ComputerToolchain=false
Mcu.Pin17=PB13
RCC.HSI_VALUE=16000000
Mcu.Pin18=PB14
Mcu.Pin11=PB0
Mcu.Pin12=PB1
TOUCHSENSING.IO_5CH_LIN_H_NBR1_CH1-TouchSensing_Enabled=G1_IO2
Mcu.Pin10=PA7
PA2.Mode=G1_IO3-Sampling
PB8.Signal=GPIO_Output
RCC.PWRFreq_Value=32000000
RCC.48RNGFreq_Value=48000000
RCC.APB1Freq_Value=32000000
PB0.Signal=TSC_G3_IO2
PB11.Locked=true
ProjectManager.DeviceId=STM32L052C8Tx
PB12.Signal=TSC_G6_IO2
ProjectManager.LibraryCopy=0
PA7.Signal=TSC_G2_IO4
