#MicroXplorer Configuration settings - do not modify
USB_OTG_HS.VirtualMode-Host_FS=Host_FS
PD12.GPIO_Label=FP_Enc2_A_TIM4_CH1
PC7.GPIOParameters=GPIO_Label
SPI4.VirtualType=VM_MASTER
PE11.GPIOParameters=GPIO_Label
SPI1.VirtualType=VM_MASTER
PB10.GPIO_PuPd=GPIO_PULLUP
ADC2.SamplingTime-1\#ChannelRegularConversion=ADC_SAMPLETIME_3CYCLES
RCC.PLLCLKFreq_Value=144000000
PC12.Signal=I2S3_SD
RCC.PLLQCLKFreq_Value=48000000
PC7.Locked=true
PD3.GPIOParameters=GPIO_Label
I2S3.IPParameters=Instance,VirtualMode,FullDuplexMode,RealAudioFreq,ErrorAudioFreq,AudioFreq,Standard
TIM10.ClockDivision=TIM_CLOCKDIVISION_DIV2
PD8.Locked=true
USB_HOST0.BSP.condition=
PC6.GPIO_Label=A_FET1_PWM_TIM8_CH1
VP_RTC_VS_RTC_Activate.Mode=RTC_Enabled
RCC.RTCFreq_Value=1000000
PA3.GPIOParameters=GPIO_Label
PA6.GPIO_Label=B_IN_STAND_ADC1_IN6
TIM8.Channel-PWM\ Generation4\ CH4=TIM_CHANNEL_4
PD0.Locked=true
PD4.Locked=true
PD2.GPIOParameters=GPIO_Label
PC5.Mode=RMII
SH.S_TIM1_CH1.ConfNb=1
USART1.IPParameters=VirtualMode
ADC1.SamplingTime-12\#ChannelRegularConversion=ADC_SAMPLETIME_3CYCLES
PB13.Signal=ETH_TXD1
VP_TIM8_VS_ClockSourceINT.Signal=TIM8_VS_ClockSourceINT
PD6.GPIO_Label=CH_A_DRV_ERRn
PinOutPanel.RotationAngle=0
SH.S_TIM11_CH1.ConfNb=1
PE6.GPIO_Label=FAN1_RPM_TIM9_CH2
RCC.MCO1PinFreq_Value=8000000
RCC.SYSCLKSource=RCC_SYSCLKSOURCE_PLLCLK
VP_TIM2_VS_ClockSourceITR.Mode=TriggerSource_ITR2
NVIC.SVCall_IRQn=true\:0\:0\:false\:false\:true\:false\:false
PD15.GPIOParameters=GPIO_Label
RCC.LCDTFTFreq_Value=25000000
SPI1.Direction=SPI_DIRECTION_2LINES
TIM2.IPParameters=ClockDivision,Period,AutoReloadPreload
PD4.Signal=GPIO_Input
RCC.APB2TimFreq_Value=144000000
PB2/BOOT1.GPIO_Label=EXT_RESn
PB6.Signal=I2C1_SCL
VP_TIM10_VS_ClockSourceINT.Mode=Enable_Timer
PC7.Signal=S_TIM8_CH2
USB_HOST0.BSP.component=
PH1/OSC_OUT.Signal=RCC_OSC_OUT
PB6.Mode=I2C
SPI1.CalculateBaudRate=9.0 MBits/s
PC3.Signal=ADCx_IN13
PD0.Signal=GPIO_Input
PD8.Signal=GPIO_Output
PE5.Signal=GPIO_Output
PE10.Locked=true
PE1.Signal=UART8_TX
PE14.Locked=true
ProjectManager.ProjectBuild=false
TIM9.ICPolarity_CH2=TIM_INPUTCHANNELPOLARITY_FALLING
NVIC.UsageFault_IRQn=true\:0\:0\:false\:false\:true\:false\:false
RCC.RCC_RTC_Clock_Source_FROM_HSE=RCC_RTCCLKSOURCE_HSE_DIV16
PB3.Mode=Full_Duplex_Master
TIM10.Channel=TIM_CHANNEL_1
PD1.GPIOParameters=GPIO_Label
PD1.GPIO_Label=FP_BTN_1Bn
ProjectManager.FirmwarePackage=STM32Cube FW_F4 V1.25.0
MxDb.Version=DB.6.0.0
PB0.GPIOParameters=GPIO_Label
PE15.Locked=true
I2S3.ErrorAudioFreq=-0.79 %
PE0.GPIOParameters=GPIO_Label
ProjectManager.BackupPrevious=false
PE9.Signal=S_TIM1_CH1
PB14.Mode=Host_FS
PB1.GPIO_Label=B_TC2_AMP_ADC2_IN9
PE4.GPIO_Label=AUDIO_MUTEn
SH.ADCx_IN8.0=ADC1_IN8,IN8
SH.S_TIM4_CH2.0=TIM4_CH2,Encoder_Interface
PE2.Signal=GPIO_Output
PA8.Signal=RCC_MCO_1
PE13.Mode=Full_Duplex_Master
NVIC.PendSV_IRQn=true\:0\:0\:false\:false\:true\:false\:false
TIM4.Period=65535
PC15/OSC32_OUT.Locked=true
USB_OTG_HS.IPParameters=VirtualMode-Host_FS
PE10.Signal=GPIO_Output
ProjectManager.HalAssertFull=true
SH.S_TIM8_CH1.ConfNb=1
TIM9.Prescaler=14399
RCC.MCO2PinFreq_Value=144000000
PC8.GPIOParameters=GPIO_Label
Mcu.Package=LQFP100
PB9.Signal=S_TIM11_CH1
PB1.Signal=ADCx_IN9
TIM8.Channel-PWM\ Generation3\ CH3=TIM_CHANNEL_3
SH.S_TIM8_CH4.0=TIM8_CH4,PWM Generation4 CH4
PD11.Locked=true
PD12.Signal=S_TIM4_CH1
PE10.GPIOParameters=GPIO_Label
SH.COMP_DAC1_group.ConfNb=1
PD5.GPIOParameters=GPIO_Label
VP_SYS_VS_Systick.Signal=SYS_VS_Systick
ADC2.Channel-1\#ChannelRegularConversion=ADC_CHANNEL_0
PA10.Signal=USART1_RX
PE12.GPIO_Label=Disp-Flash_SPI4_SCK
VP_TIM11_VS_ClockSourceINT.Signal=TIM11_VS_ClockSourceINT
SH.ADCx_IN9.0=ADC2_IN9,IN9
RCC.APB2CLKDivider=RCC_HCLK_DIV2
SH.S_TIM4_CH1.0=TIM4_CH1,Encoder_Interface
RCC.APB1TimFreq_Value=72000000
NVIC.BusFault_IRQn=true\:0\:0\:false\:false\:true\:false\:false
PC14/OSC32_IN.GPIO_Label=VS1063_DREQ
SH.ADCx_IN9.ConfNb=1
USB_OTG_FS.IPParameters=VirtualMode
PB10.GPIOParameters=GPIO_PuPd,GPIO_Label
PB13.Mode=RMII
PE6.Locked=true
PE10.GPIO_Label=Flash_CSn
PD5.Locked=true
PD15.Signal=GPIO_Output
ProjectManager.CustomerFirmwarePackage=
PC4.Mode=RMII
RCC.SAI_AClocksFreq_Value=25000000
SH.S_TIM8_CH3.0=TIM8_CH3,PWM Generation3 CH3
PE12.Mode=Full_Duplex_Master
PA6.GPIOParameters=GPIO_Label
SH.COMP_DAC2_group.ConfNb=1
RCC.VDD_VALUE=3
PD6.GPIOParameters=GPIO_Label
Mcu.Pin80=PE0
SH.S_TIM4_CH1.ConfNb=1
Mcu.Pin81=PE1
PA0/WKUP.GPIOParameters=GPIO_Label
I2S3.FullDuplexMode=I2S_FULLDUPLEXMODE_DISABLE
ProjectManager.ProjectFileName=alt_ss2k_cube.ioc
Mcu.Pin79=PB9
PD9.GPIO_Label=VBUS2_FLGn
PA15.GPIOParameters=GPIO_Label
Mcu.PinsNb=93
TIM3.AutoReloadPreload=TIM_AUTORELOAD_PRELOAD_ENABLE
PC11.Locked=true
Mcu.Pin73=PB3
I2S3.Standard=I2S_STANDARD_MSB
SH.ADCx_IN6.0=ADC1_IN6,IN6
Mcu.Pin74=PB4
Mcu.Pin71=PD6
Mcu.Pin72=PD7
ADC1.IPParameters=Rank-12\#ChannelRegularConversion,master,Channel-12\#ChannelRegularConversion,SamplingTime-12\#ChannelRegularConversion,NbrOfConversionFlag
PC13.Locked=true
Mcu.Pin77=PB7
Mcu.Pin78=PB8
Mcu.Pin75=PB5
PC13.Signal=GPIO_Output
Mcu.Pin76=PB6
USB_HOST.USBH_HandleTypeDef-ALL_Classes_HS=hUsbHostHS
PD3.Signal=GPIO_Input
PE1.Mode=Asynchronous
Mcu.Pin70=PD5
PC6.Signal=S_TIM8_CH1
PC2.Signal=ADCx_IN12
PD13.GPIOParameters=GPIO_Label
PD7.Signal=GPIO_Input
VP_USB_DEVICE_VS_USB_DEVICE_DFU_FS.Signal=USB_DEVICE_VS_USB_DEVICE_DFU_FS
PD1.Signal=GPIO_Input
RCC.VCOSAIOutputFreq_ValueQ=25000000
TIM11.Prescaler=0
RCC.VCOSAIOutputFreq_ValueR=50000000
Mcu.Pin68=PD3
Mcu.Pin69=PD4
PC0.Signal=ADCx_IN10
RCC.APB1CLKDivider=RCC_HCLK_DIV4
UART8.VirtualMode=Asynchronous
PC11.GPIOParameters=GPIO_Label
Mcu.Pin62=PC10
Mcu.Pin63=PC11
Mcu.Pin60=PA14
Mcu.Pin61=PA15
Mcu.Pin66=PD1
SH.S_TIM8_CH2.0=TIM8_CH2,PWM Generation2 CH2
Mcu.Pin67=PD2
Mcu.Pin64=PC12
Mcu.Pin65=PD0
VP_TIM9_VS_ClockSourceINT.Signal=TIM9_VS_ClockSourceINT
ETH.IPParameters=MediaInterface,RxMode
USB_HOST0.BSP.semaphore=
PC3.GPIOParameters=GPIO_Label
USB_HOST0.BSP.STBoard=false
PD10.Signal=GPIO_Output
PB8.GPIO_Label=PwrLED_PWM_TIM10_CH1
PA8.GPIO_Label=RCLKo_8M
Mcu.Pin59=PA13
Mcu.Pin57=PA11
Mcu.Pin58=PA12
PB11.Mode=RMII
TIM4.IPParameters=Prescaler,Period,AutoReloadPreload
SH.S_TIM9_CH2.0=TIM9_CH2,Input_Capture2_from_TI2
Mcu.Pin51=PC7
Mcu.Pin52=PC8
I2C1.I2C_Mode=I2C_Fast
Mcu.Pin50=PC6
Mcu.Pin55=PA9
Mcu.Pin56=PA10
USB_HOST.VirtualModeHS=All_Classes
Mcu.Pin53=PC9
ADC2.IPParameters=Rank-1\#ChannelRegularConversion,Channel-1\#ChannelRegularConversion,SamplingTime-1\#ChannelRegularConversion,NbrOfConversionFlag
PE8.GPIO_Label=Disp_CSn
Mcu.Pin54=PA8
PC6.Locked=true
PA9.Signal=USART1_TX
PB5.Locked=true
I2S3.VirtualMode=I2S_MODE_MASTER
VP_TIM8_VS_ClockSourceINT.Mode=Internal
PD7.Locked=true
PE9.GPIO_Label=FP_Enc_A_TIM1_CH1
Mcu.Pin48=PD14
Mcu.Pin49=PD15
Mcu.Pin46=PD12
Mcu.Pin47=PD13
PB10.Signal=GPIO_Input
PC14/OSC32_IN.GPIOParameters=GPIO_Label
SH.S_TIM8_CH4.ConfNb=1
PB14.Signal=USB_OTG_HS_DM
PA5.Signal=COMP_DAC2_group
Mcu.Pin40=PB14
Mcu.Pin41=PB15
PE13.GPIOParameters=GPIO_Label
I2S3.AudioFreq=I2S_AUDIOFREQ_48K
Mcu.Pin44=PD10
SH.S_TIM8_CH1.0=TIM8_CH1,PWM Generation1 CH1
PC12.Mode=Half_Duplex_Master
Mcu.Pin45=PD11
Mcu.Pin42=PD8
TIM8.AutoReloadPreload=TIM_AUTORELOAD_PRELOAD_ENABLE
Mcu.Pin43=PD9
ADC1.Rank-12\#ChannelRegularConversion=1
PE1.GPIO_Label=Aux_UART8_TX
ProjectManager.LastFirmware=false
PA1.Mode=RMII
PE14.Signal=SPI4_MOSI
PE15.Signal=GPIO_Input
Mcu.Pin37=PB11
PB4.GPIO_Label=VS1063_SPI1_MISO
Mcu.Pin38=PB12
Mcu.Pin35=PE15
PE8.Signal=GPIO_Output
Mcu.Pin36=PB10
SPI1.Mode=SPI_MODE_MASTER
SH.ADCx_IN0.ConfNb=1
Mcu.Pin39=PB13
PC2.GPIOParameters=GPIO_Label
Mcu.Pin30=PE10
RCC.EthernetFreq_Value=144000000
SH.ADCx_IN12.ConfNb=1
Mcu.Pin33=PE13
TIM3.IPParameters=AutoReloadPreload,Period,TIM_MasterSlaveMode,TIM_MasterOutputTrigger
PA0/WKUP.GPIO_Label=B_KTY_or_HWID_FP_ADC2_IN0
Mcu.Pin34=PE14
Mcu.Pin31=PE11
RCC.RCC_RTC_Clock_SourceVirtual=RCC_RTCCLKSOURCE_LSE
Mcu.Pin32=PE12
PA9.Locked=true
NVIC.NonMaskableInt_IRQn=true\:0\:0\:false\:false\:true\:false\:false
PC10.GPIOParameters=GPIO_Label
TIM2.Period=2879
PE7.Locked=true
PA13.Mode=Serial_Wire
ProjectManager.FreePins=false
PC9.GPIOParameters=GPIO_Label
Mcu.Pin26=PB2/BOOT1
Mcu.Pin27=PE7
RCC.RTCHSEDivFreq_Value=1000000
Mcu.Pin24=PB0
ProjectManager.UnderRoot=false
Mcu.Pin25=PB1
TIM8.Period=19999
Mcu.Pin28=PE8
PC7.GPIO_Label=A_FET2_PWM_TIM8_CH2
Mcu.Pin29=PE9
PB4.Locked=true
PA4.Signal=COMP_DAC1_group
PD14.GPIOParameters=GPIO_Label
Mcu.Pin22=PC4
PB5.Signal=SPI1_MOSI
ETH.MediaInterface=ETH_MEDIA_INTERFACE_RMII
Mcu.Pin23=PC5
Mcu.Pin20=PA6
ADC1.master=1
PA3.Locked=true
Mcu.Pin21=PA7
PE13.GPIO_Label=Flash_SPI4_MISO
PA10.Locked=true
ADC2.NbrOfConversionFlag=1
NVIC.ForceEnableDMAVector=true
PD11.Signal=GPIO_Output
PC14/OSC32_IN.Locked=true
NVIC.MemoryManagement_IRQn=true\:0\:0\:false\:false\:true\:false\:false
PE5.GPIO_Label=Audio_Path_Select
PC12.GPIO_Label=FM_I2S3_SD
USART1.VirtualMode=VM_ASYNC
ProjectManager.CompilerOptimize=6
PD15.Locked=true
PA11.Signal=USB_OTG_FS_DM
ProjectManager.HeapSize=0x10000
Mcu.Pin15=PA1
NVIC.HardFault_IRQn=true\:0\:0\:false\:false\:true\:false\:false
Mcu.Pin16=PA2
LWIP.Version=v2.1.2_Cube
Mcu.Pin13=PC3
Mcu.Pin14=PA0/WKUP
Mcu.Pin19=PA5
ProjectManager.ComputerToolchain=false
Mcu.Pin17=PA3
Mcu.Pin18=PA4
NVIC.PriorityGroup=NVIC_PRIORITYGROUP_4
Mcu.Pin11=PC1
Mcu.Pin12=PC2
PD0.GPIOParameters=GPIO_Label
Mcu.Pin10=PC0
PE3.Signal=GPIO_Output
PE2.Locked=true
TIM2.AutoReloadPreload=TIM_AUTORELOAD_PRELOAD_ENABLE
PC3.GPIO_Label=A_TC2_AMP_ADC2_IN13
PC15/OSC32_OUT.Signal=GPIO_Output
PA8.Mode=Clock-out-1
TIM9.Channel-Input_Capture2_from_TI2=TIM_CHANNEL_2
PE12.GPIOParameters=GPIO_Label
I2S3.Instance=SPI$Index
PD2.Signal=GPIO_Input
PD1.Locked=true
PB0.Signal=ADCx_IN8
USB_HOST0.BSP.mode=Output
PC1.Signal=ETH_MDC
PD2.GPIO_Label=FP_BTN_2An
PD7.GPIOParameters=GPIO_Label
PC1.Mode=RMII
Mcu.Family=STM32F4
NVIC.OTG_HS_IRQn=true\:0\:0\:false\:false\:true\:false\:true
ProjectManager.MainLocation=Src
VP_TIM10_VS_ClockSourceINT.Signal=TIM10_VS_ClockSourceINT
SH.S_TIM4_CH2.ConfNb=1
USB_DEVICE.CLASS_NAME_FS=DFU
RCC.CortexFreq_Value=144000000
PC15/OSC32_OUT.GPIO_Label=VS1063_CSn
ProjectManager.KeepUserCode=true
Mcu.UserName=STM32F429VITx
PD9.GPIOParameters=GPIO_Label
UART8.IPParameters=VirtualMode
PE11.GPIO_Label=FP_Enc_B_TIM1_CH2
PC10.Signal=I2S3_CK
SPI4.Direction=SPI_DIRECTION_2LINES
ProjectManager.functionlistsort=1-MX_GPIO_Init-GPIO-false-HAL-true,2-SystemClock_Config-RCC-false-HAL-false,3-MX_DAC_Init-DAC-false-HAL-true,4-MX_RTC_Init-RTC-false-HAL-true,5-MX_SPI4_Init-SPI4-false-HAL-true,6-MX_USART1_UART_Init-USART1-false-HAL-true,7-MX_LWIP_Init-LWIP-false-HAL-false,8-MX_USB_DEVICE_Init-USB_DEVICE-false-HAL-false,9-MX_USB_HOST_Init-USB_HOST-false-HAL-false,10-MX_I2C1_Init-I2C1-false-HAL-true,11-MX_I2S3_Init-I2S3-false-HAL-true,12-MX_TIM1_Init-TIM1-false-HAL-true,13-MX_TIM4_Init-TIM4-false-HAL-true,14-MX_TIM9_Init-TIM9-false-HAL-true,15-MX_TIM11_Init-TIM11-false-HAL-true,16-MX_UART8_Init-UART8-false-HAL-true,17-MX_ADC1_Init-ADC1-false-HAL-true,18-MX_ADC2_Init-ADC2-false-HAL-true,19-MX_TIM8_Init-TIM8-false-HAL-true,20-MX_TIM2_Init-TIM2-false-HAL-true,21-MX_TIM3_Init-TIM3-false-HAL-true,22-MX_TIM10_Init-TIM10-false-HAL-true,23-MX_SPI1_Init-SPI1-false-HAL-true
PC0.GPIOParameters=GPIO_Label
PC0.GPIO_Label=A_IN_STAND_ADC1_IN10
PD0.GPIO_Label=FP_BTN_1An
PA11.Mode=Device_Only
VP_USB_HOST_VS_USB_HOST_ALL_CLASS_HS.Signal=USB_HOST_VS_USB_HOST_ALL_CLASS_HS
PA0/WKUP.Signal=ADCx_IN0
PC9.Locked=true
PB2/BOOT1.GPIOParameters=GPIO_Label
PD6.Locked=true
PB0.GPIO_Label=B_TC1_AMP_ADC1_IN8
PD2.Locked=true
SH.S_TIM10_CH1.ConfNb=1
PC13.GPIO_Label=DBGLED_WDT_FEED
PB11.Signal=ETH_TX_EN
PB15.Signal=USB_OTG_HS_DP
VP_USB_DEVICE_VS_USB_DEVICE_DFU_FS.Mode=DFU_FS
PE5.GPIOParameters=GPIO_Label
ProjectManager.StackSize=0x2000
PB5.GPIOParameters=GPIO_Label
SH.COMP_DAC2_group.0=DAC_OUT2,DAC_OUT2
RCC.SAI_BClocksFreq_Value=25000000
PD13.Signal=S_TIM4_CH2
Mcu.IP4=I2C1
Mcu.IP5=I2S3
RCC.FCLKCortexFreq_Value=144000000
Mcu.IP2=DAC
I2C1.IPParameters=I2C_Mode
Mcu.IP3=ETH
PA15.GPIO_Label=FM_I2S3_WS
PB4.GPIOParameters=GPIO_Label
Mcu.IP0=ADC1
Mcu.IP1=ADC2
PA12.Signal=USB_OTG_FS_DP
PE4.GPIOParameters=GPIO_Label
Mcu.UserConstants=
SPI4.Mode=SPI_MODE_MASTER
RCC.RCC_RTC_Clock_Source=RCC_RTCCLKSOURCE_HSE_DIV16
Mcu.ThirdPartyNb=0
PH0/OSC_IN.Mode=HSE-External-Oscillator
PD11.GPIO_Label=PWRDRV_ENABLE
RCC.HCLKFreq_Value=144000000
SH.ADCx_IN3.0=ADC2_IN3,IN3
TIM8.Channel-PWM\ Generation1\ CH1=TIM_CHANNEL_1
Mcu.IPNb=27
RCC.I2SClocksFreq_Value=96000000
ProjectManager.PreviousToolchain=
TIM3.Period=2879
RCC.VcooutputI2S=96000000
PA0/WKUP.Locked=true
PD8.GPIOParameters=GPIO_Label
SH.ADCx_IN3.ConfNb=1
TIM2.ClockDivision=TIM_CLOCKDIVISION_DIV1
PA8.GPIOParameters=GPIO_Label
Mcu.Pin6=PC14/OSC32_IN
Mcu.Pin7=PC15/OSC32_OUT
Mcu.Pin8=PH0/OSC_IN
Mcu.Pin9=PH1/OSC_OUT
RCC.VCOSAIOutputFreq_Value=100000000
SPI4.IPParameters=VirtualType,Mode,Direction,CalculateBaudRate,BaudRatePrescaler
USB_HOST0.BSP.ip=GPIO
RCC.AHBFreq_Value=144000000
Mcu.Pin0=PE2
TIM11.IPParameters=Channel,Prescaler,Period,AutoReloadPreload
Mcu.Pin1=PE3
TIM8.IPParameters=Channel-PWM Generation4 CH4,Channel-PWM Generation1 CH1,Channel-PWM Generation2 CH2,Channel-PWM Generation3 CH3,Prescaler,Period,AutoReloadPreload
GPIO.groupedBy=
Mcu.Pin2=PE4
Mcu.Pin3=PE5
Mcu.Pin4=PE6
PD10.GPIOParameters=GPIO_Label
Mcu.Pin5=PC13
TIM10.AutoReloadPreload=TIM_AUTORELOAD_PRELOAD_ENABLE
RCC.HSE_VALUE=16000000
NVIC.DebugMonitor_IRQn=true\:0\:0\:false\:false\:true\:false\:false
Mcu.IP10=SPI1
PA15.Mode=Half_Duplex_Master
NVIC.SysTick_IRQn=true\:0\:0\:false\:false\:true\:false\:true
Mcu.IP12=SYS
RCC.RCC_MCO1Source=RCC_MCO1SOURCE_HSE
Mcu.IP11=SPI4
PC15/OSC32_OUT.GPIOParameters=GPIO_Label
Mcu.IP18=TIM9
Mcu.IP17=TIM8
Mcu.IP19=TIM10
Mcu.IP14=TIM2
PB4.Mode=Full_Duplex_Master
Mcu.IP13=TIM1
PE13.Signal=SPI4_MISO
Mcu.IP16=TIM4
Mcu.IP15=TIM3
RCC.VCOInputFreq_Value=2000000
PA14.Mode=Serial_Wire
PE8.Locked=true
PC11.GPIO_Label=FM_INTn
PB5.Mode=Full_Duplex_Master
TIM9.ICPrescaler-Input_Capture2_from_TI2=TIM_ICPSC_DIV2
File.Version=6
RCC.RCC_MCODiv1=RCC_MCODIV_2
PE3.GPIOParameters=GPIO_Label
SH.ADCx_IN13.ConfNb=1
PB3.GPIOParameters=GPIO_Label
ETH.RxMode=ETH_RXPOLLING_MODE
PE3.Locked=true
PB7.Signal=I2C1_SDA
Mcu.IP21=UART8
PB8.Locked=true
Mcu.IP20=TIM11
Mcu.IP23=USB_DEVICE
SH.ADCx_IN0.0=ADC2_IN0,IN0
Mcu.IP22=USART1
SH.ADCx_IN6.ConfNb=1
USB_HOST0.BSP.i2creg=
PH1/OSC_OUT.Mode=HSE-External-Oscillator
PE4.Signal=GPIO_Output
Mcu.IP25=USB_OTG_FS
PE6.GPIOParameters=GPIO_Label
SPI4.BaudRatePrescaler=SPI_BAUDRATEPRESCALER_2
Mcu.IP24=USB_HOST
Mcu.IP26=USB_OTG_HS
ProjectManager.ProjectName=alt_ss2k_cube
SH.S_TIM8_CH3.ConfNb=1
PD7.GPIO_Label=CH_B_DRV_ERRn
USB_HOST0.BSP.i2caddr=0
PD13.GPIO_Label=FP_Enc2_B_TIM4_CH2
PA6.Signal=ADCx_IN6
PB12.Mode=RMII
PC14/OSC32_IN.Signal=GPIO_Input
SH.S_TIM10_CH1.0=TIM10_CH1,PWM Generation1 CH1
PD5.GPIO_Label=FP_Enc2_SWn
NVIC.OTG_FS_IRQn=true\:0\:0\:false\:false\:true\:false\:true
ProjectManager.ToolChainLocation=
PD14.Locked=true
RCC.LSI_VALUE=32000
TIM8.Channel-PWM\ Generation2\ CH2=TIM_CHANNEL_2
USB_OTG_FS.VirtualMode=Device_Only
PA15.Signal=I2S3_WS
PE0.GPIO_Label=Aux_UART8_RX
RCC.PLLSAIN=50
TIM8.Prescaler=71
USB_HOST0.BSP.name=Drive_VBUS_HS
PB5.GPIO_Label=VS1063_SPI1_MOSI
Mcu.Pin91=VP_USB_DEVICE_VS_USB_DEVICE_DFU_FS
SH.S_TIM9_CH2.ConfNb=1
Mcu.Pin92=VP_USB_HOST_VS_USB_HOST_ALL_CLASS_HS
PC5.Signal=ETH_RXD1
PD3.GPIO_Label=FP_BTN_2Bn
Mcu.Pin90=VP_TIM11_VS_ClockSourceINT
PE7.Signal=GPIO_Output
PD6.Signal=GPIO_Input
SH.S_TIM11_CH1.0=TIM11_CH1,PWM Generation1 CH1
SPI1.BaudRatePrescaler=SPI_BAUDRATEPRESCALER_8
TIM10.IPParameters=Channel,Prescaler,Period,ClockDivision,AutoReloadPreload,Pulse,OCFastMode_PWM
TIM10.OCFastMode_PWM=TIM_OCFAST_ENABLE
PE2.GPIO_Label=AUX_Boot0
PC2.GPIO_Label=A_TC1_AMP_ADC1_IN12
TIM9.IPParameters=Prescaler,Channel-Input_Capture2_from_TI2,ICPolarity_CH2,ICPrescaler-Input_Capture2_from_TI2
VP_TIM3_VS_ClockSourceINT.Mode=Internal
VP_LWIP_VS_Enabled.Signal=LWIP_VS_Enabled
Mcu.Pin84=VP_SYS_VS_Systick
Mcu.Pin85=VP_TIM2_VS_ClockSourceITR
PB3.Locked=true
PB4.Signal=SPI1_MISO
Mcu.Pin82=VP_LWIP_VS_Enabled
Mcu.Pin83=VP_RTC_VS_RTC_Activate
PA3.Signal=ADCx_IN3
Mcu.Pin88=VP_TIM9_VS_ClockSourceINT
Mcu.Pin89=VP_TIM10_VS_ClockSourceINT
Mcu.Pin86=VP_TIM3_VS_ClockSourceINT
PB3.GPIO_Label=VS1063_SPI1_SCK
Mcu.Pin87=VP_TIM8_VS_ClockSourceINT
VP_RTC_VS_RTC_Activate.Signal=RTC_VS_RTC_Activate
TIM10.Prescaler=0
SH.COMP_DAC1_group.0=DAC_OUT1,DAC_OUT1
USB_HOST.IPParameters=USBH_HandleTypeDef-ALL_Classes_HS,VirtualModeHS
PE8.GPIOParameters=GPIO_Label
SH.ADCx_IN13.0=ADC2_IN13,IN13
TIM4.AutoReloadPreload=TIM_AUTORELOAD_PRELOAD_ENABLE
PD15.GPIO_Label=KTY_Bias_B_EN
PB8.GPIOParameters=GPIO_Label
PA7.Mode=RMII
PE14.GPIOParameters=GPIO_Label
PB9.GPIO_Label=FAN1_PWM_TIM11_CH1
PA10.Mode=Asynchronous
PC10.GPIO_Label=FM_I2S3_CK
PC9.GPIO_Label=B_FET1_PWM_TIM8_CH4
ProjectManager.NoMain=false
SPI1.IPParameters=VirtualType,Mode,Direction,CalculateBaudRate,BaudRatePrescaler
USB_DEVICE.VirtualModeFS=Dfu_FS
PC11.Signal=GPIO_Input
PC8.Signal=S_TIM8_CH3
USB_HOST0.BSP.solution=PD10
PC4.Signal=ETH_RXD0
PC10.Mode=Half_Duplex_Master
USB_HOST.BSP.number=1
ProjectManager.DefaultFWLocation=true
PE14.GPIO_Label=Disp-Flash_SPI4_MOSI
PD9.Signal=GPIO_Input
PD5.Signal=GPIO_Input
ProjectManager.DeletePrevious=true
PB10.Locked=true
USB_DEVICE.IPParameters=VirtualMode-DFU_FS,VirtualModeFS,CLASS_NAME_FS
RCC.FamilyName=M
VP_LWIP_VS_Enabled.Mode=Enabled
VP_TIM11_VS_ClockSourceINT.Mode=Enable_Timer
PE9.GPIOParameters=GPIO_Label
PE15.GPIOParameters=GPIO_Label
PD8.GPIO_Label=AUX_INTn
PB9.GPIOParameters=GPIO_Label
PC8.GPIO_Label=B_FET1_PWM_TIM8_CH3
PC12.GPIOParameters=GPIO_Label
PA13.Signal=SYS_JTMS-SWDIO
SH.ADCx_IN12.0=ADC1_IN12,IN12
PA9.Mode=Asynchronous
PB2/BOOT1.Signal=GPIO_Output
SH.S_TIM1_CH1.0=TIM1_CH1,Encoder_Interface
PE15.GPIO_Label=PHY_IRQn
PD12.GPIOParameters=GPIO_Label
ProjectManager.TargetToolchain=Makefile
PB10.GPIO_Label=RTC_INTn
PE7.GPIOParameters=GPIO_Label
RCC.VcooutputI2SQ=96000000
PE4.Locked=true
PE2.GPIOParameters=GPIO_Label
VP_TIM2_VS_ClockSourceITR.Signal=TIM2_VS_ClockSourceITR
ProjectManager.RegisterCallBack=
PD10.GPIO_Label=VBUS2_ENABLE
VP_TIM3_VS_ClockSourceINT.Signal=TIM3_VS_ClockSourceINT
TIM4.Prescaler=0
PE11.Signal=S_TIM1_CH2
RCC.LSE_VALUE=32768
PD3.Locked=true
PA1.Signal=ETH_REF_CLK
SH.S_TIM1_CH2.ConfNb=1
RCC.VCOI2SOutputFreq_Value=192000000
board=custom
RCC.VCOOutputFreq_Value=288000000
PB15.Mode=Host_FS
VP_TIM9_VS_ClockSourceINT.Mode=Internal
TIM11.Period=2879
PD11.GPIOParameters=GPIO_Label
TIM10.Period=35999
PH0/OSC_IN.Signal=RCC_OSC_IN
ADC1.Channel-12\#ChannelRegularConversion=ADC_CHANNEL_8
RCC.APB2Freq_Value=72000000
USB_HOST0.BSP.api=Unknown
MxCube.Version=6.0.1
TIM10.Pulse=18000
USB_DEVICE.VirtualMode-DFU_FS=Dfu
SH.S_TIM1_CH2.0=TIM1_CH2,Encoder_Interface
PC13.GPIOParameters=GPIO_Label
PD4.GPIO_Label=FP_Enc_SWn
PE14.Mode=Full_Duplex_Master
SH.ADCx_IN10.ConfNb=1
PD4.GPIOParameters=GPIO_Label
VP_SYS_VS_Systick.Mode=SysTick
SPI4.CalculateBaudRate=36.0 MBits/s
PD14.GPIO_Label=KTY_Bias_A_EN
VP_USB_HOST_VS_USB_HOST_ALL_CLASS_HS.Mode=ALL_Classes_HS
PE5.Locked=true
SH.ADCx_IN8.ConfNb=1
PE6.Signal=S_TIM9_CH2
RCC.IPParameters=48MHZClocksFreq_Value,AHBFreq_Value,APB1CLKDivider,APB1Freq_Value,APB1TimFreq_Value,APB2CLKDivider,APB2Freq_Value,APB2TimFreq_Value,CortexFreq_Value,EthernetFreq_Value,FCLKCortexFreq_Value,FamilyName,HCLKFreq_Value,HSE_VALUE,HSI_VALUE,I2SClocksFreq_Value,LCDTFTFreq_Value,LSE_VALUE,LSI_VALUE,MCO1PinFreq_Value,MCO2PinFreq_Value,PLLCLKFreq_Value,PLLI2SN,PLLM,PLLN,PLLQ,PLLQCLKFreq_Value,PLLSAIN,RCC_MCO1Source,RCC_MCODiv1,RCC_RTC_Clock_Source,RCC_RTC_Clock_SourceVirtual,RCC_RTC_Clock_Source_FROM_HSE,RTCFreq_Value,RTCHSEDivFreq_Value,SAI_AClocksFreq_Value,SAI_BClocksFreq_Value,SYSCLKFreq_VALUE,SYSCLKSource,VCOI2SOutputFreq_Value,VCOInputFreq_Value,VCOOutputFreq_Value,VCOSAIOutputFreq_Value,VCOSAIOutputFreq_ValueQ,VCOSAIOutputFreq_ValueR,VDD_VALUE,VcooutputI2S,VcooutputI2SQ
ProjectManager.AskForMigrate=true
Mcu.Name=STM32F429VITx
PE0.Signal=UART8_RX
PE7.GPIO_Label=Disp_DCn
PE12.Signal=SPI4_SCK
PA2.Signal=ETH_MDIO
Mcu.IP8=RCC
Mcu.IP9=RTC
PD14.Signal=GPIO_Output
Mcu.IP6=LWIP
Mcu.IP7=NVIC
ProjectManager.CoupleFile=true
RCC.48MHZClocksFreq_Value=48000000
PB3.Signal=SPI1_SCK
RCC.SYSCLKFreq_VALUE=144000000
PA12.Mode=Device_Only
KeepUserPlacement=false
TIM3.TIM_MasterSlaveMode=TIM_MASTERSLAVEMODE_DISABLE
PB7.Mode=I2C
PA14.Signal=SYS_JTCK-SWCLK
SH.ADCx_IN10.0=ADC1_IN10,IN10
PC6.GPIOParameters=GPIO_Label
RCC.HSI_VALUE=16000000
TIM11.AutoReloadPreload=TIM_AUTORELOAD_PRELOAD_ENABLE
RCC.PLLQ=6
ADC1.NbrOfConversionFlag=1
I2S3.RealAudioFreq=47.619 KHz
RCC.PLLM=8
RCC.PLLN=144
PB2/BOOT1.Locked=true
TIM11.Channel=TIM_CHANNEL_1
ADC2.Rank-1\#ChannelRegularConversion=1
PA2.Mode=RMII
PB8.Signal=S_TIM10_CH1
PE3.GPIO_Label=HWID_ADC_SELECT
PC8.Locked=true
PC9.Signal=S_TIM8_CH4
TIM3.TIM_MasterOutputTrigger=TIM_TRGO_ENABLE
PD9.Locked=true
RCC.APB1Freq_Value=36000000
RCC.PLLI2SN=96
ProjectManager.DeviceId=STM32F429VITx
SH.S_TIM8_CH2.ConfNb=1
PB12.Signal=ETH_TXD0
PE0.Mode=Asynchronous
ProjectManager.LibraryCopy=0
PE1.GPIOParameters=GPIO_Label
PA3.GPIO_Label=A_KTY_or_HWID_MB_ADC2_IN3
PB1.GPIOParameters=GPIO_Label
PA7.Signal=ETH_CRS_DV
USB_HOST0.BSP.instance=PD10
PA6.Locked=true
