#MicroXplorer Configuration settings - do not modify
Mcu.Family=STM32F4
PC3.Mode=Half_Duplex_Master
USB_OTG_HS.VirtualMode-Host_FS=Host_FS
NVIC.OTG_HS_IRQn=true\:0\:0\:false\:false\:true\:false\:true
ProjectManager.MainLocation=Src
USB_DEVICE.CLASS_NAME_FS=DFU
SAI1.RealAudioFreq=97.656 KHz
RCC.CortexFreq_Value=120000000
SPI3.Direction=SPI_DIRECTION_2LINES
SPI4.VirtualType=VM_MASTER
SPI3.VirtualType=VM_MASTER
ProjectManager.KeepUserCode=true
Mcu.UserName=STM32F429VITx
PB10.Mode=Half_Duplex_Master
VP_FATFS_VS_SDIO.Mode=SDIO
RCC.PLLCLKFreq_Value=120000000
PC10.Signal=SDIO_D2
PC12.Signal=SDIO_CK
RCC.PLLQCLKFreq_Value=48000000
SPI4.Direction=SPI_DIRECTION_2LINES
ProjectManager.functionlistsort=1-MX_GPIO_Init-GPIO-false-HAL-true,2-SystemClock_Config-RCC-false-HAL-false,3-MX_DAC_Init-DAC-false-HAL-true,4-MX_RTC_Init-RTC-false-HAL-true,5-MX_SDIO_SD_Init-SDIO-false-HAL-true,6-MX_SPI3_Init-SPI3-false-HAL-true,7-MX_SPI4_Init-SPI4-false-HAL-true,8-MX_USART1_UART_Init-USART1-false-HAL-true,9-MX_FATFS_Init-FATFS-false-HAL-false,10-MX_LWIP_Init-LWIP-false-HAL-false,11-MX_USB_DEVICE_Init-USB_DEVICE-false-HAL-false
USB_HOST0.BSP.condition=
VP_RTC_VS_RTC_Activate.Mode=RTC_Enabled
SAI1.Instance-SAI_A_MasterWithClock=SAI$Index_Block_A
PA11.Mode=Device_Only
VP_USB_HOST_VS_USB_HOST_ALL_CLASS_HS.Signal=USB_HOST_VS_USB_HOST_ALL_CLASS_HS
RCC.RTCFreq_Value=32768
PC14/OSC32_IN.Mode=LSE-External-Oscillator
PC5.Mode=RMII
USART1.IPParameters=VirtualMode
PC13.GPIO_Label=MCU_LED_G
PB11.Signal=ETH_TX_EN
PB15.Signal=USB_OTG_HS_DP
PB13.Signal=ETH_TXD1
VP_USB_DEVICE_VS_USB_DEVICE_DFU_FS.Mode=DFU_FS
PinOutPanel.RotationAngle=0
RCC.SYSCLKSource=RCC_SYSCLKSOURCE_PLLCLK
ProjectManager.StackSize=0x2000
SH.COMP_DAC2_group.0=DAC_OUT2,DAC_OUT2
RCC.SAI_BClocksFreq_Value=25000000
Mcu.IP4=LWIP
Mcu.IP5=NVIC
RCC.FCLKCortexFreq_Value=120000000
Mcu.IP2=FATFS
NVIC.SVCall_IRQn=true\:0\:0\:false\:false\:true\:false\:false
Mcu.IP3=I2S2
Mcu.IP0=DAC
Mcu.IP1=ETH
PA12.Signal=USB_OTG_FS_DP
Mcu.UserConstants=
SPI4.Mode=SPI_MODE_MASTER
VP_FATFS_VS_SDIO.Signal=FATFS_VS_SDIO
RCC.LCDTFTFreq_Value=25000000
RCC.RCC_RTC_Clock_Source=RCC_RTCCLKSOURCE_LSE
Mcu.ThirdPartyNb=0
PH0/OSC_IN.Mode=HSE-External-Oscillator
RCC.HCLKFreq_Value=120000000
PE2.Mode=SAI_A_MasterWithClock
Mcu.IPNb=18
RCC.I2SClocksFreq_Value=192000000
ProjectManager.PreviousToolchain=
RCC.APB2TimFreq_Value=120000000
RCC.VcooutputI2S=192000000
USB_HOST0.BSP.component=
PH1/OSC_OUT.Signal=RCC_OSC_OUT
PC3.Signal=I2S2_SD
Mcu.Pin6=PC15/OSC32_OUT
SAI1.AudioMode-SAI_A_MasterWithClock=SAI_MODEMASTER_RX
Mcu.Pin7=PH0/OSC_IN
PE5.Signal=SAI1_SCK_A
Mcu.Pin8=PH1/OSC_OUT
Mcu.Pin9=PC1
RCC.VCOSAIOutputFreq_Value=100000000
SPI4.IPParameters=VirtualType,Mode,Direction,CalculateBaudRate
USB_HOST0.BSP.ip=GPIO
RCC.AHBFreq_Value=120000000
Mcu.Pin0=PE2
Mcu.Pin1=PE4
GPIO.groupedBy=
Mcu.Pin2=PE5
Mcu.Pin3=PE6
Mcu.Pin4=PC13
PD10.GPIOParameters=GPIO_Label
Mcu.Pin5=PC14/OSC32_IN
ProjectManager.ProjectBuild=false
RCC.HSE_VALUE=8000000
NVIC.UsageFault_IRQn=true\:0\:0\:false\:false\:true\:false\:false
NVIC.DebugMonitor_IRQn=true\:0\:0\:false\:false\:true\:false\:false
PB3.Mode=Full_Duplex_Master
Mcu.IP10=SPI3
NVIC.SysTick_IRQn=true\:0\:0\:false\:false\:true\:false\:true
Mcu.IP12=SYS
Mcu.IP11=SPI4
ProjectManager.FirmwarePackage=STM32Cube FW_F4 V1.25.0
Mcu.IP17=USB_OTG_HS
MxDb.Version=DB.5.0.60
Mcu.IP14=USB_DEVICE
PB4.Mode=Full_Duplex_Master
Mcu.IP13=USART1
PE13.Signal=SPI4_MISO
Mcu.IP16=USB_OTG_FS
ProjectManager.BackupPrevious=false
DAC.DAC_Trigger=DAC_TRIGGER_T7_TRGO
Mcu.IP15=USB_HOST
RCC.VCOInputFreq_Value=2000000
PA14.Mode=Serial_Wire
PB14.Mode=Host_FS
PB5.Mode=Full_Duplex_Master
File.Version=6
PC9.Mode=SD_4_bits_Wide_bus
ETH.RxMode=ETH_RXPOLLING_MODE
FATFS._USE_MKFS=0
PE2.Signal=SAI1_MCLK_A
I2S2.IPParameters=Instance,VirtualMode,FullDuplexMode,RealAudioFreq,ErrorAudioFreq,Mode,DataFormat,AudioFreq
PE13.Mode=Full_Duplex_Master
NVIC.PendSV_IRQn=true\:0\:0\:false\:false\:true\:false\:false
PE4.Mode=SAI_A_MasterWithClock
I2S2.DataFormat=I2S_DATAFORMAT_16B_EXTENDED
PC15/OSC32_OUT.Locked=true
USB_OTG_HS.IPParameters=VirtualMode-Host_FS
USB_HOST0.BSP.i2creg=
PE4.Signal=SAI1_FS_A
PH1/OSC_OUT.Mode=HSE-External-Oscillator
DAC.IPParameters=DAC_Trigger
ProjectManager.HalAssertFull=true
ProjectManager.ProjectName=ss2k_cube
RCC.MCO2PinFreq_Value=120000000
SAI1.OutputDrive-SAI_A_MasterWithClock=SAI_OUTPUTDRIVE_DISABLE
USB_HOST0.BSP.i2caddr=0
PB9.Signal=I2S2_WS
Mcu.Package=LQFP100
SAI1.AudioFrequency-SAI_A_MasterWithClock=SAI_AUDIO_FREQUENCY_96K
PB12.Mode=RMII
SPI3.Mode=SPI_MODE_MASTER
SH.COMP_DAC1_group.ConfNb=1
PC14/OSC32_IN.Signal=RCC_OSC32_IN
NVIC.OTG_FS_IRQn=true\:0\:0\:false\:false\:true\:false\:true
ProjectManager.ToolChainLocation=
I2S2.Mode=I2S_MODE_MASTER_RX
RCC.LSI_VALUE=32000
VP_SYS_VS_Systick.Signal=SYS_VS_Systick
PA10.Signal=USART1_RX
USB_OTG_FS.VirtualMode=Device_Only
PC11.Mode=SD_4_bits_Wide_bus
RCC.PLLSAIN=50
USB_HOST0.BSP.name=Drive_VBUS_HS
RCC.APB2CLKDivider=RCC_HCLK_DIV2
RCC.APB1TimFreq_Value=60000000
NVIC.BusFault_IRQn=true\:0\:0\:false\:false\:true\:false\:false
SPI3.IPParameters=VirtualType,Mode,Direction,CalculateBaudRate
PC5.Signal=ETH_RXD1
SAI1.FrameLength-SAI_A_MasterWithClock=32
USB_OTG_FS.IPParameters=VirtualMode
PB13.Mode=RMII
PE6.Locked=true
PD6.Signal=SAI1_SD_A
ProjectManager.CustomerFirmwarePackage=
PC4.Mode=RMII
VP_LWIP_VS_Enabled.Signal=LWIP_VS_Enabled
RCC.SAI_AClocksFreq_Value=25000000
PB4.Signal=SPI3_MISO
PE12.Mode=Full_Duplex_Master
VP_RTC_VS_RTC_Activate.Signal=RTC_VS_RTC_Activate
SH.COMP_DAC2_group.ConfNb=1
RCC.VDD_VALUE=3
SH.COMP_DAC1_group.0=DAC_OUT1,DAC_OUT1
USB_HOST.IPParameters=USBH_HandleTypeDef-ALL_Classes_HS,VirtualModeHS
I2S2.AudioFreq=I2S_AUDIOFREQ_96K
ProjectManager.ProjectFileName=ss2k_cube.ioc
SAI1.Synchro_A=SAI_ASYNCHRONOUS
PA7.Mode=RMII
I2S2.Instance=SPI$Index
PA10.Mode=Asynchronous
Mcu.PinsNb=51
ProjectManager.NoMain=false
USB_DEVICE.VirtualModeFS=Dfu_FS
PC13.Locked=true
PC11.Signal=SDIO_D3
PC13.Signal=GPIO_Output
USB_HOST.USBH_HandleTypeDef-ALL_Classes_HS=hUsbHostHS
PC8.Signal=SDIO_D0
USB_HOST0.BSP.solution=PD10
PC4.Signal=ETH_RXD0
PC6.Signal=I2S2_MCK
PC10.Mode=SD_4_bits_Wide_bus
USB_HOST.BSP.number=1
VP_USB_DEVICE_VS_USB_DEVICE_DFU_FS.Signal=USB_DEVICE_VS_USB_DEVICE_DFU_FS
ProjectManager.DefaultFWLocation=true
RCC.VCOSAIOutputFreq_ValueQ=25000000
RCC.VCOSAIOutputFreq_ValueR=50000000
ProjectManager.DeletePrevious=true
RCC.APB1CLKDivider=RCC_HCLK_DIV4
PD6.Mode=SAI_A_MasterWithClock
USB_DEVICE.IPParameters=VirtualMode-DFU_FS,VirtualModeFS,CLASS_NAME_FS
RCC.FamilyName=M
VP_LWIP_VS_Enabled.Mode=Enabled
ETH.IPParameters=MediaInterface,RxMode
USB_HOST0.BSP.semaphore=
USB_HOST0.BSP.STBoard=false
PD10.Signal=GPIO_Output
FATFS.IPParameters=_USE_MKFS
PA13.Signal=SYS_JTMS-SWDIO
PA9.Mode=Asynchronous
PB11.Mode=RMII
ProjectManager.TargetToolchain=Makefile
SAI1.MClockEnable=SAI_MASTERCLOCK_ENABLE
Mcu.Pin50=VP_USB_HOST_VS_USB_HOST_ALL_CLASS_HS
PC6.Mode=Master_Clock_Activated
USB_HOST.VirtualModeHS=All_Classes
PB9.Mode=Half_Duplex_Master
PA9.Signal=USART1_TX
I2S2.VirtualMode=I2S_MODE_MASTER
RCC.VcooutputI2SQ=192000000
SAI1.DataSize-SAI_A_MasterWithClock=SAI_DATASIZE_24
PD10.GPIO_Label=USB_HS_VBUS_EN
PA1.Signal=ETH_REF_CLK
Mcu.Pin48=VP_SYS_VS_Systick
Mcu.Pin49=VP_USB_DEVICE_VS_USB_DEVICE_DFU_FS
Mcu.Pin46=VP_LWIP_VS_Enabled
Mcu.Pin47=VP_RTC_VS_RTC_Activate
PB10.Signal=I2S2_CK
SAI1.VirtualMode-SAI_A_MasterWithClock=VM_MASTER
RCC.VCOI2SOutputFreq_Value=384000000
PB14.Signal=USB_OTG_HS_DM
PD2.Mode=SD_4_bits_Wide_bus
PA5.Signal=COMP_DAC2_group
Mcu.Pin40=PD6
Mcu.Pin41=PB3
PC12.Mode=SD_4_bits_Wide_bus
Mcu.Pin44=PB9
Mcu.Pin45=VP_FATFS_VS_SDIO
Mcu.Pin42=PB4
board=custom
Mcu.Pin43=PB5
SAI1.IPParameters=Instance-SAI_A_MasterWithClock,VirtualMode-SAI_A_MasterWithClock,Synchro_A,MClockEnable,RealAudioFreq,ErrorAudioFreq,AudioMode-SAI_A_MasterWithClock,FrameLength-SAI_A_MasterWithClock,SlotNumber-SAI_A_MasterWithClock,AudioFrequency-SAI_A_MasterWithClock,OutputDrive-SAI_A_MasterWithClock,DataSize-SAI_A_MasterWithClock
RCC.VCOOutputFreq_Value=240000000
ProjectManager.LastFirmware=true
PB15.Mode=Host_FS
PH0/OSC_IN.Signal=RCC_OSC_IN
RCC.APB2Freq_Value=60000000
USB_HOST0.BSP.api=Unknown
PA1.Mode=RMII
SPI3.CalculateBaudRate=15.0 MBits/s
PE6.Mode=Full_Duplex_Master
MxCube.Version=5.6.0
Mcu.Pin37=PC11
Mcu.Pin38=PC12
USB_DEVICE.VirtualMode-DFU_FS=Dfu
Mcu.Pin35=PA14
Mcu.Pin36=PC10
PC13.GPIOParameters=GPIO_Label
Mcu.Pin39=PD2
PE5.Mode=SAI_A_MasterWithClock
Mcu.Pin30=PA9
VP_SYS_VS_Systick.Mode=SysTick
RCC.EthernetFreq_Value=120000000
Mcu.Pin33=PA12
Mcu.Pin34=PA13
Mcu.Pin31=PA10
RCC.RCC_RTC_Clock_SourceVirtual=RCC_RTCCLKSOURCE_LSE
SAI1.SlotNumber-SAI_A_MasterWithClock=1
Mcu.Pin32=PA11
PA9.Locked=true
NVIC.NonMaskableInt_IRQn=true\:0\:0\:false\:false\:true\:false\:false
SPI4.CalculateBaudRate=30.0 MBits/s
VP_USB_HOST_VS_USB_HOST_ALL_CLASS_HS.Mode=ALL_Classes_HS
PE6.Signal=SPI4_MOSI
PA13.Mode=Serial_Wire
ProjectManager.FreePins=false
RCC.IPParameters=48MHZClocksFreq_Value,AHBFreq_Value,APB1CLKDivider,APB1Freq_Value,APB1TimFreq_Value,APB2CLKDivider,APB2Freq_Value,APB2TimFreq_Value,CortexFreq_Value,EthernetFreq_Value,FCLKCortexFreq_Value,FamilyName,HCLKFreq_Value,HSE_VALUE,HSI_VALUE,I2SClocksFreq_Value,LCDTFTFreq_Value,LSI_VALUE,MCO2PinFreq_Value,PLLCLKFreq_Value,PLLM,PLLN,PLLQ,PLLQCLKFreq_Value,PLLSAIN,RCC_RTC_Clock_Source,RCC_RTC_Clock_SourceVirtual,RTCFreq_Value,RTCHSEDivFreq_Value,SAI_AClocksFreq_Value,SAI_BClocksFreq_Value,SYSCLKFreq_VALUE,SYSCLKSource,VCOI2SOutputFreq_Value,VCOInputFreq_Value,VCOOutputFreq_Value,VCOSAIOutputFreq_Value,VCOSAIOutputFreq_ValueQ,VCOSAIOutputFreq_ValueR,VDD_VALUE,VcooutputI2S,VcooutputI2SQ
ProjectManager.AskForMigrate=true
Mcu.Name=STM32F429VITx
PE12.Signal=SPI4_SCK
Mcu.Pin26=PD10
SAI1.ErrorAudioFreq=1.72 %
Mcu.Pin27=PC6
RCC.RTCHSEDivFreq_Value=4000000
PA2.Signal=ETH_MDIO
Mcu.Pin24=PB14
ProjectManager.UnderRoot=false
Mcu.Pin25=PB15
I2S2.FullDuplexMode=I2S_FULLDUPLEXMODE_DISABLE
Mcu.IP8=SAI1
Mcu.IP9=SDIO
Mcu.Pin28=PC8
Mcu.IP6=RCC
PC8.Mode=SD_4_bits_Wide_bus
Mcu.Pin29=PC9
Mcu.IP7=RTC
ProjectManager.CoupleFile=true
RCC.48MHZClocksFreq_Value=48000000
PB3.Signal=SPI3_SCK
PA4.Signal=COMP_DAC1_group
RCC.SYSCLKFreq_VALUE=120000000
PB5.Signal=SPI3_MOSI
Mcu.Pin22=PB12
ETH.MediaInterface=ETH_MEDIA_INTERFACE_RMII
Mcu.Pin23=PB13
Mcu.Pin20=PB10
Mcu.Pin21=PB11
PA12.Mode=Device_Only
PA10.Locked=true
I2S2.ErrorAudioFreq=-2.34 %
NVIC.ForceEnableDMAVector=true
KeepUserPlacement=false
PC14/OSC32_IN.Locked=true
NVIC.MemoryManagement_IRQn=true\:0\:0\:false\:false\:true\:false\:false
PC15/OSC32_OUT.Mode=LSE-External-Oscillator
USART1.VirtualMode=VM_ASYNC
ProjectManager.CompilerOptimize=6
PA11.Signal=USB_OTG_FS_DM
PA14.Signal=SYS_JTCK-SWCLK
ProjectManager.HeapSize=0x10000
Mcu.Pin15=PA7
NVIC.HardFault_IRQn=true\:0\:0\:false\:false\:true\:false\:false
Mcu.Pin16=PC4
LWIP.Version=v2.1.2_Cube
Mcu.Pin13=PA4
Mcu.Pin14=PA5
Mcu.Pin19=PE13
ProjectManager.ComputerToolchain=false
Mcu.Pin17=PC5
RCC.HSI_VALUE=16000000
Mcu.Pin18=PE12
RCC.PLLQ=5
NVIC.PriorityGroup=NVIC_PRIORITYGROUP_4
Mcu.Pin11=PA1
Mcu.Pin12=PA2
RCC.PLLM=4
RCC.PLLN=120
Mcu.Pin10=PC3
PA2.Mode=RMII
PC15/OSC32_OUT.Signal=RCC_OSC32_OUT
PC9.Signal=SDIO_D1
PD2.Signal=SDIO_CMD
RCC.APB1Freq_Value=30000000
I2S2.RealAudioFreq=93.75 KHz
USB_HOST0.BSP.mode=Output
ProjectManager.DeviceId=STM32F429VITx
PC1.Signal=ETH_MDC
PB12.Signal=ETH_TXD0
ProjectManager.LibraryCopy=0
PC1.Mode=RMII
PA7.Signal=ETH_CRS_DV
USB_HOST0.BSP.instance=PD10
