#MicroXplorer Configuration settings - do not modify
PF7.GPIOParameters=GPIO_Speed,GPIO_PuPd,GPIO_Label,GPIO_Mode
PB13.GPIOParameters=GPIO_PuPd,GPIO_Label,GPIO_Mode
PD12.GPIO_Label=RDX [LDC-RGB_RDX]
PC7.GPIOParameters=GPIO_Speed,GPIO_PuPd,GPIO_Label,GPIO_Mode
PC10.GPIO_PuPd=GPIO_NOPULL
PE11.GPIOParameters=GPIO_Label
PB10.GPIO_PuPd=GPIO_NOPULL
NVIC.TIM6_DAC_IRQn=true\:0\:0\:false\:false\:true\:false\:false\:true
PG8.Signal=FMC_SDCLK
PG8.Locked=true
RCC.PLLQCLKFreq_Value=48000000
PC7.Locked=true
PA3.GPIO_PuPd=GPIO_NOPULL
PD8.Locked=true
RCC.RTCFreq_Value=32000
PD2.GPIOParameters=GPIO_Label
PG14.GPIOParameters=GPIO_Speed,GPIO_PuPd,GPIO_Label,GPIO_Mode
USART1.IPParameters=VirtualMode
PF10.GPIO_PuPd=GPIO_NOPULL
PG10.GPIO_PuPd=GPIO_NOPULL
PA2.GPIOParameters=GPIO_PuPd,GPIO_Label,GPIO_ModeDefaultEXTI
PA6.GPIO_Mode=GPIO_MODE_AF_PP
PB2/BOOT1.GPIO_Mode=GPIO_MODE_INPUT
PG13.GPIO_Mode=GPIO_MODE_OUTPUT_PP
NVIC.SVCall_IRQn=true\:0\:0\:false\:false\:false\:false\:false\:false
PA4.Mode=RGB565
SH.S_TIM3_CH2.ConfNb=1
NVIC.DMA2D_IRQn=true\:5\:0\:true\:false\:true\:true\:true\:true
PD13.GPIO_Mode=GPIO_MODE_OUTPUT_PP
PF7.Signal=SPI5_SCK
PA15.GPIO_ModeDefaultEXTI=GPIO_MODE_EVT_RISING
PG7.GPIO_Mode=GPIO_MODE_AF_PP
PB13.GPIO_Mode=GPIO_MODE_INPUT
RCC.APB2TimFreq_Value=72000000
PC4.GPIO_Mode=GPIO_MODE_OUTPUT_PP
PB6.Signal=S_TIM4_CH1
PC7.Signal=LTDC_G6
PD8.Signal=GPIO_Input
PE1.Signal=FMC_NBL1
PE14.Locked=true
ProjectManager.ProjectBuild=false
NVIC.UsageFault_IRQn=true\:0\:0\:false\:false\:true\:false\:false\:false
PA8.Locked=true
PC1.GPIO_PuPd=GPIO_NOPULL
PB12.GPIO_Label=OTG_HS_ID
ProjectManager.FirmwarePackage=STM32Cube FW_F4 V1.25.2
LTDC.IPParameters=ActiveW,ActiveH,Layers,WindowX1_L0,WindowY1_L0,PixelFormat_L0,Alpha_L0,BlendingFactor1_L0,BlendingFactor2_L0,FBStartAdress_L0,ImageWidth_L0,ImageHeight_L0,HSync,HBP,HFP,VSync,VFP
LTDC.PixelFormat_L0=LTDC_PIXEL_FORMAT_RGB565
ProjectManager.BackupPrevious=false
PC4.GPIO_Label=OTG_FS_PSO [OTG_FS_PowerSwitchOn]
PB1.GPIO_Speed=GPIO_SPEED_FREQ_LOW
PE9.Signal=GPIO_Input
PG12.GPIOParameters=GPIO_Speed,GPIO_PuPd,GPIO_Label,GPIO_Mode
PE9.Locked=true
PB14.Mode=Host_FS
PB1.GPIO_Label=R6
PG4.GPIO_Label=BA0
PF10.Locked=true
PC9.Mode=I2C
PA8.Signal=I2C3_SCL
PF2.Locked=true
PE1.Locked=true
PC15/OSC32_OUT.Locked=true
USB_OTG_HS.IPParameters=VirtualMode-Host_FS
VP_FREERTOS_VS_CMSIS_V1.Mode=CMSIS_V1
LTDC.HSync=10
ProjectManager.HalAssertFull=false
Mcu.Package=LQFP144
PB9.Signal=LTDC_B7
PB1.Signal=LTDC_R6
PB14.GPIO_PuPd=GPIO_NOPULL
PA5.Locked=true
NVIC.TimeBase=TIM6_DAC_IRQn
PD12.Signal=GPIO_Output
NVIC.TimeBaseIP=TIM6
PA10.Signal=USART1_RX
PB9.GPIO_PuPd=GPIO_NOPULL
PE12.GPIO_Label=FP_BTN_2A
PF7.Locked=true
SPI5.CalculateBaudRate=4.5 MBits/s
PG8.GPIO_Speed=GPIO_SPEED_FREQ_VERY_HIGH
SH.S_TIM4_CH1.0=TIM4_CH1,Encoder_Interface
LTDC.VSync=2
RCC.APB1TimFreq_Value=72000000
PC14/OSC32_IN.GPIO_Label=PC14-OSC32_IN
PF10.Mode=RGB565
PB13.Mode=Activate_VBUS_FS
PD3.GPIO_PuPd=GPIO_NOPULL
PF9.GPIO_PuPd=GPIO_NOPULL
PA4.GPIO_Label=VSYNC
PA8.GPIO_Speed=GPIO_SPEED_FREQ_LOW
PG12.Signal=LTDC_B4
TIM9.Channel-PWM\ Generation2\ CH2=TIM_CHANNEL_2
PA6.GPIOParameters=GPIO_Speed,GPIO_PuPd,GPIO_Label,GPIO_Mode
PD6.GPIOParameters=GPIO_Speed,GPIO_PuPd,GPIO_Label,GPIO_Mode
Mcu.Pin80=PB7
SH.S_TIM4_CH1.ConfNb=1
Mcu.Pin81=PB8
TIM9.Channel-PWM\ Generation1\ CH1=TIM_CHANNEL_1
ProjectManager.ProjectFileName=f429diso_fpdev.ioc
FREERTOS.Tasks01=defaultTask,0,4096,StartDefaultTask,Default,NULL,Dynamic,NULL,NULL
Mcu.Pin79=PB6
Mcu.PinsNb=92
Mcu.Pin73=PG12
Mcu.Pin74=PG13
Mcu.Pin71=PG10
Mcu.Pin72=PG11
PG5.Locked=true
Mcu.Pin77=PB4
PG5.Signal=FMC_A15_BA1
Mcu.Pin78=PB5
Mcu.Pin75=PG14
Mcu.Pin76=PB3
PD3.Signal=LTDC_G7
Mcu.Pin70=PD6
PC2.Signal=GPIO_Output
PH1/OSC_OUT.GPIOParameters=GPIO_Label
RCC.VCOSAIOutputFreq_ValueQ=25000000
RCC.VCOSAIOutputFreq_ValueR=50000000
Mcu.Pin68=PD2
Mcu.Pin69=PD3
PB14.Locked=true
Mcu.Pin62=PA12
PG14.Locked=true
Mcu.Pin63=PA13
Mcu.Pin60=PA10
Mcu.Pin61=PA11
Mcu.Pin66=PC10
Mcu.Pin67=PC12
Mcu.Pin64=PA14
Mcu.Pin65=PA15
PG8.GPIO_PuPd=GPIO_NOPULL
PF8.GPIO_Label=SPI5_MISO [L3GD20_SDO]
LTDC.ImageWidth_L0=240
USB_HOST0.BSP.semaphore=
PC3.GPIOParameters=GPIO_Label
PA3.Mode=RGB565
PC10.GPIO_Mode=GPIO_MODE_AF_PP
PB8.GPIO_Label=B6
PA15.Locked=true
PB10.GPIO_Mode=GPIO_MODE_AF_PP
PA8.GPIO_Label=I2C3_SCL [ACP/RF_SCL]
Mcu.Pin59=PA9
SH.GPXTI2.ConfNb=1
Mcu.Pin57=PC9
Mcu.Pin58=PA8
Mcu.Pin51=PG5
Mcu.Pin52=PG6
Mcu.Pin50=PG4
Mcu.Pin55=PC6
Mcu.Pin56=PC7
Mcu.Pin53=PG7
PE8.GPIO_Label=AUXUART7_RX
Mcu.Pin54=PG8
PB1.GPIO_Mode=GPIO_MODE_AF_PP
VP_TIM1_VS_ClockSourceINT.Signal=TIM1_VS_ClockSourceINT
PB11.GPIOParameters=GPIO_Speed,GPIO_PuPd,GPIO_Label,GPIO_Mode
PB9.Locked=true
Mcu.Pin48=PD12
Mcu.Pin49=PD13
PC5.GPIO_ModeDefaultEXTI=GPIO_MODE_EVT_RISING
Mcu.Pin46=PD8
Mcu.Pin47=PD11
PG10.GPIO_Mode=GPIO_MODE_AF_PP
PF3.GPIOParameters=GPIO_Label
PC14/OSC32_IN.GPIOParameters=GPIO_Label
PB14.Signal=USB_OTG_HS_DM
PG6.GPIOParameters=GPIO_Speed,GPIO_PuPd,GPIO_Label,GPIO_Mode
PA5.Signal=S_TIM2_CH1_ETR
Mcu.Pin40=PB10
Mcu.Pin41=PB11
PE13.GPIOParameters=GPIO_Label
Mcu.Pin44=PB14
PC12.Mode=Asynchronous
Mcu.Pin45=PB15
Mcu.Pin42=PB12
Mcu.Pin43=PB13
PF10.GPIO_Mode=GPIO_MODE_AF_PP
PE1.GPIO_Label=NBL1 [SDRAM_UDQM]
PB13.GPIO_PuPd=GPIO_NOPULL
PE14.Signal=GPIO_Input
Mcu.Pin37=PE12
PB4.GPIO_Label=TIM3_CH1_ENC2_A
Mcu.Pin38=PE13
Mcu.Pin35=PE10
PB15.GPIO_Label=OTG_HS_DP
Mcu.Pin36=PE11
Mcu.Pin39=PE14
PG7.GPIO_Label=DOTCLK [LCT-RGB_DOTCLK]
PF4.GPIO_Label=FLASH_CSn
Mcu.Pin30=PB1
PA1.GPIO_Label=MEMS_INT1 [L3GD20_INT1]
SH.S_TIM9_CH1.0=TIM9_CH1,PWM Generation1 CH1
Mcu.Pin33=PE8
PC9.GPIO_PuPd=GPIO_NOPULL
Mcu.Pin34=PE9
Mcu.Pin31=PB2/BOOT1
Mcu.Pin32=PE7
PC1.GPIO_Speed=GPIO_SPEED_FREQ_LOW
NVIC.NonMaskableInt_IRQn=true\:0\:0\:false\:false\:true\:false\:false\:false
PC10.GPIOParameters=GPIO_Speed,GPIO_PuPd,GPIO_Label,GPIO_Mode
PA0/WKUP.GPIO_PuPd=GPIO_NOPULL
PG14.GPIO_PuPd=GPIO_NOPULL
PC9.GPIOParameters=GPIO_Speed,GPIO_PuPd,GPIO_Label,GPIO_Mode
PF9.GPIOParameters=GPIO_Speed,GPIO_PuPd,GPIO_Label,GPIO_Mode
Mcu.Pin26=PA7
Mcu.Pin27=PC4
Mcu.Pin24=PA5
Mcu.Pin25=PA6
Mcu.Pin28=PC5
PC7.GPIO_Label=G6
Mcu.Pin29=PB0
Mcu.Pin22=PA3
Mcu.Pin23=PA4
Mcu.Pin20=PA1
ADC1.master=1
Mcu.Pin21=PA2
PA3.Locked=true
PA5.GPIO_Label=TIM2_ETR_FAN_RPM
PA10.Locked=true
NVIC.ForceEnableDMAVector=true
PA14.GPIOParameters=GPIO_Label
PC14/OSC32_IN.Locked=true
NVIC.MemoryManagement_IRQn=true\:0\:0\:false\:false\:true\:false\:false\:false
PE5.GPIO_Label=TIM9_CH1_PWRBTN_LED_PWM
PC12.GPIO_Label=DBGUART5_TX
ProjectManager.HeapSize=0x200
Mcu.Pin15=PC0
NVIC.HardFault_IRQn=true\:0\:0\:false\:false\:true\:false\:false\:false
Mcu.Pin16=PC1
PB1.Mode=RGB565
Mcu.Pin13=PH0/OSC_IN
UART7.IPParameters=VirtualMode
Mcu.Pin14=PH1/OSC_OUT
FREERTOS.configUSE_RECURSIVE_MUTEXES=1
Mcu.Pin19=PA0/WKUP
PF10.GPIOParameters=GPIO_Speed,GPIO_PuPd,GPIO_Label,GPIO_Mode
PG12.GPIO_Speed=GPIO_SPEED_FREQ_LOW
SH.GPXTI15.ConfNb=1
Mcu.Pin17=PC2
Mcu.Pin18=PC3
NVIC.PriorityGroup=NVIC_PRIORITYGROUP_4
Mcu.Pin11=PF9
Mcu.Pin12=PF10
Mcu.Pin10=PF8
PC15/OSC32_OUT.Signal=RCC_OSC32_OUT
PF4.Signal=GPIO_Output
SH.GPXTI1.ConfNb=1
PD2.Signal=UART5_RX
PG5.GPIO_Speed=GPIO_SPEED_FREQ_VERY_HIGH
Mcu.Family=STM32F4
LTDC.BlendingFactor1_L0=LTDC_BLENDING_FACTOR1_PAxCA
NVIC.OTG_HS_IRQn=true\:5\:0\:false\:false\:true\:true\:true\:true
ProjectManager.MainLocation=Core/Src
PA6.Mode=RGB565
PC15/OSC32_OUT.GPIO_Label=PC15-OSC32_OUT
ProjectManager.KeepUserCode=true
PE11.GPIO_Label=FP_BTN_1B
PC5.Locked=true
PA7.GPIO_Mode=GPIO_MODE_OUTPUT_PP
PA12.GPIOParameters=GPIO_Speed,GPIO_PuPd,GPIO_Label,GPIO_Mode
PA9.GPIOParameters=GPIO_Label
PA11.GPIOParameters=GPIO_Speed,GPIO_PuPd,GPIO_Label,GPIO_Mode
PA11.Mode=RGB565
PF9.GPIO_Speed=GPIO_SPEED_FREQ_LOW
PB2/BOOT1.GPIOParameters=GPIO_PuPd,GPIO_Label,GPIO_Mode
PD6.Locked=true
PC2.GPIO_Speed=GPIO_SPEED_FREQ_LOW
SH.FMC_A14_BA0.0=FMC_BA0
PD2.Locked=true
PC1.Locked=true
PB13.GPIO_Label=VBUS_HS
PG5.GPIO_Label=BA1
PB15.Signal=USB_OTG_HS_DP
PG11.Signal=LTDC_B3
PB5.GPIOParameters=GPIO_Label
SH.GPXTI2.0=GPIO_EXTI2
PD13.Signal=GPIO_Output
Mcu.IP4=I2C3
Mcu.IP5=LTDC
RCC.FCLKCortexFreq_Value=72000000
PD13.Locked=true
Mcu.IP2=DMA2D
Mcu.IP3=FREERTOS
PA15.GPIO_Label=TP_INT1 [Touch Panel]
Mcu.IP0=ADC1
Mcu.IP1=CRC
PF9.Locked=true
PB1.GPIO_PuPd=GPIO_NOPULL
ProjectManager.PreviousToolchain=
RCC.VcooutputI2S=192000000
PG8.GPIOParameters=GPIO_Speed,GPIO_PuPd,GPIO_Label,GPIO_Mode
SH.FMC_NBL1.0=FMC_NBL1
LTDC.WindowX1_L0=240
PA8.GPIOParameters=GPIO_Speed,GPIO_PuPd,GPIO_Label,GPIO_Mode
PG5.GPIO_PuPd=GPIO_NOPULL
FREERTOS.IPParameters=Tasks01,configUSE_RECURSIVE_MUTEXES,configUSE_COUNTING_SEMAPHORES,configUSE_APPLICATION_TASK_TAG,configTOTAL_HEAP_SIZE,configUSE_IDLE_HOOK,configUSE_MALLOC_FAILED_HOOK,configCHECK_FOR_STACK_OVERFLOW
USB_HOST0.BSP.ip=GPIO
ADC1.Channel-0\#ChannelRegularConversion=ADC_CHANNEL_10
RCC.HSE_VALUE=8000000
VP_USB_HOST_VS_USB_HOST_CDC_HS.Mode=CDC_HS
NVIC.DebugMonitor_IRQn=true\:0\:0\:false\:false\:true\:false\:false\:false
PA4.GPIO_PuPd=GPIO_NOPULL
SH.FMC_A14_BA0.ConfNb=1
Mcu.IP10=TIM1
PF7.GPIO_Mode=GPIO_MODE_AF_PP
NVIC.SysTick_IRQn=true\:15\:0\:false\:false\:false\:true\:false\:true
Mcu.IP12=TIM3
Mcu.IP11=TIM2
PA4.GPIO_Speed=GPIO_SPEED_FREQ_LOW
PC15/OSC32_OUT.GPIOParameters=GPIO_Label
PG11.GPIO_Speed=GPIO_SPEED_FREQ_LOW
Mcu.IP18=USB_HOST
PH1/OSC_OUT.GPIO_Label=PH1-OSC_OUT
PC4.GPIO_Speed=GPIO_SPEED_FREQ_LOW
Mcu.IP17=USART1
Mcu.IP19=USB_OTG_HS
PA6.GPIO_PuPd=GPIO_NOPULL
Mcu.IP14=TIM9
PF9.Mode=Full_Duplex_Master
Mcu.IP13=TIM4
Mcu.IP16=UART7
PF7.GPIO_Speed=GPIO_SPEED_FREQ_LOW
Mcu.IP15=UART5
RCC.VCOInputFreq_Value=2000000
PF8.GPIO_PuPd=GPIO_NOPULL
PA14.Mode=Serial_Wire
PE8.Locked=true
PB2/BOOT1.GPIO_PuPd=GPIO_NOPULL
PC7.GPIO_Mode=GPIO_MODE_AF_PP
PG7.GPIO_PuPd=GPIO_NOPULL
PB7.Signal=S_TIM4_CH2
SH.S_TIM3_CH1.0=TIM3_CH1,Encoder_Interface
PG4.GPIO_Mode=GPIO_MODE_AF_PP
PB6.GPIOParameters=GPIO_Label
PB0.Locked=true
PA13.GPIOParameters=GPIO_Label
PD6.GPIO_Mode=GPIO_MODE_AF_PP
PB7.GPIO_Label=TIM4_CH2_ENC_B
PB12.GPIO_Mode=GPIO_MODE_AF_PP
PD13.GPIO_Label=WRX_DCX [LCD-RGB_WRX_DCX]
PA6.Signal=LTDC_G2
PB0.GPIO_Mode=GPIO_MODE_AF_PP
PB15.GPIO_PuPd=GPIO_NOPULL
PG11.Locked=true
ProjectManager.ToolChainLocation=
SH.GPXTI0.0=GPIO_EXTI0
PA15.Signal=GPXTI15
PF8.Signal=SPI5_MISO
UART5.IPParameters=VirtualMode
PF4.Locked=true
USB_HOST0.BSP.name=Drive_VBUS_HS
PB5.GPIO_Label=TIM3_CH2_ENC2_B
PG14.GPIO_Mode=GPIO_MODE_OUTPUT_PP
Mcu.Pin91=VP_USB_HOST_VS_USB_HOST_CDC_HS
PG11.GPIO_Label=B3
PC5.Signal=GPXTI5
PD3.GPIO_Label=G7
Mcu.Pin90=VP_TIM2_VS_ControllerModeGated
PE7.Signal=UART7_RX
PD6.Signal=LTDC_B2
PF3.GPIO_Label=AUX_BOOT0
PA1.GPIO_ModeDefaultEXTI=GPIO_MODE_EVT_RISING
PE12.Locked=true
PA12.GPIO_Speed=GPIO_SPEED_FREQ_LOW
Mcu.Pin84=PE1
Mcu.Pin85=VP_CRC_VS_CRC
PB15.Locked=true
PB4.Signal=S_TIM3_CH1
Mcu.Pin82=PB9
Mcu.Pin83=PE0
PA3.Signal=LTDC_B5
Mcu.Pin88=VP_SYS_VS_tim6
Mcu.Pin89=VP_TIM1_VS_ClockSourceINT
Mcu.Pin86=VP_DMA2D_VS_DMA2D
Mcu.Pin87=VP_FREERTOS_VS_CMSIS_V1
PE0.GPIO_PuPd=GPIO_NOPULL
USB_HOST.IPParameters=VirtualModeHS,USBH_HandleTypeDef-CDC_HS
NVIC.LTDC_IRQn=true\:5\:0\:true\:false\:true\:true\:true\:true
SH.ADCx_IN13.0=ADC1_IN13,IN13
LTDC.VFP=4
PG7.Locked=true
PB8.GPIOParameters=GPIO_Speed,GPIO_PuPd,GPIO_Label,GPIO_Mode
LTDC.WindowY1_L0=320
PG7.Signal=LTDC_CLK
PE14.GPIOParameters=GPIO_Label
PA10.Mode=Asynchronous
PC9.GPIO_Label=I2C3_SDA [ACP/RF_SDA]
NVIC.SavedSvcallIrqHandlerGenerated=true
USB_HOST0.BSP.solution=PC4
PF10.GPIO_Speed=GPIO_SPEED_FREQ_LOW
ProjectManager.DefaultFWLocation=true
PE14.GPIO_Label=FP_ENC_SWn
PB12.Locked=true
ProjectManager.DeletePrevious=true
UART7.VirtualMode=Asynchronous
PB10.Locked=true
boardIOC=true
SPI5.Mode=SPI_MODE_MASTER
PA12.GPIO_Label=R5
RCC.FamilyName=M
PD8.GPIO_Label=FP_ENC2_SWn
PB9.GPIOParameters=GPIO_Speed,GPIO_PuPd,GPIO_Label,GPIO_Mode
PB0.GPIO_Speed=GPIO_SPEED_FREQ_LOW
PG8.GPIO_Label=SDCLK
PA13.Signal=SYS_JTMS-SWDIO
FREERTOS.configUSE_IDLE_HOOK=1
VP_FREERTOS_VS_CMSIS_V1.Signal=FREERTOS_VS_CMSIS_V1
PA9.Mode=Asynchronous
SH.FMC_A15_BA1.ConfNb=1
PB2/BOOT1.Signal=GPIO_Input
PF6.Signal=GPIO_Output
PB10.GPIO_Label=G4
PC9.GPIO_Mode=GPIO_MODE_AF_OD
PF6.Locked=true
PA3.GPIO_Mode=GPIO_MODE_AF_PP
PB7.GPIOParameters=GPIO_Label
PC5.GPIOParameters=GPIO_Label,GPIO_ModeDefaultEXTI
PB9.Mode=RGB565
PG10.GPIOParameters=GPIO_Speed,GPIO_PuPd,GPIO_Label,GPIO_Mode
PE0.Locked=true
PF9.GPIO_Label=SPI5_MOSI [L3GD20_SDA/SDI/SDO]
PA7.GPIO_PuPd=GPIO_NOPULL
PA1.Signal=GPXTI1
RCC.VCOI2SOutputFreq_Value=384000000
PD2.Mode=Asynchronous
board=STM32F429I-DISC1
PD13.GPIO_Speed=GPIO_SPEED_FREQ_LOW
PG12.Mode=RGB565
PC7.GPIO_Speed=GPIO_SPEED_FREQ_LOW
RCC.VCOOutputFreq_Value=144000000
PB15.Mode=Host_FS
PA4.GPIO_Mode=GPIO_MODE_AF_PP
MxCube.Version=6.1.0
PC1.GPIO_Label=NCS_MEMS_SPI [L3GD20_CS_I2C/SPI]
PA10.GPIOParameters=GPIO_Label
SH.S_TIM9_CH1.ConfNb=1
PF8.GPIO_Mode=GPIO_MODE_AF_PP
RCC.IPParameters=48MHZClocksFreq_Value,AHBFreq_Value,APB1CLKDivider,APB1Freq_Value,APB1TimFreq_Value,APB2Freq_Value,APB2TimFreq_Value,CortexFreq_Value,EthernetFreq_Value,FCLKCortexFreq_Value,FamilyName,HCLKFreq_Value,HSE_VALUE,HSI_VALUE,I2SClocksFreq_Value,LCDTFTFreq_Value,LSE_VALUE,LSI_VALUE,MCO2PinFreq_Value,PLLCLKFreq_Value,PLLM,PLLN,PLLQ,PLLQCLKFreq_Value,PLLSAIN,RTCFreq_Value,RTCHSEDivFreq_Value,SAI_AClocksFreq_Value,SAI_BClocksFreq_Value,SYSCLKFreq_VALUE,SYSCLKSource,VCOI2SOutputFreq_Value,VCOInputFreq_Value,VCOOutputFreq_Value,VCOSAIOutputFreq_Value,VCOSAIOutputFreq_ValueQ,VCOSAIOutputFreq_ValueR,VcooutputI2S,VcooutputI2SQ
ProjectManager.AskForMigrate=true
PE0.Signal=FMC_NBL0
PE7.GPIO_Label=AUXUART7_RX
PE12.Signal=GPIO_Input
NVIC.SavedPendsvIrqHandlerGenerated=true
Mcu.IP8=SPI5
Mcu.IP9=SYS
Mcu.IP6=NVIC
Mcu.IP7=RCC
ProjectManager.CoupleFile=false
RCC.48MHZClocksFreq_Value=48000000
RCC.SYSCLKFreq_VALUE=72000000
PA1.Locked=true
KeepUserPlacement=false
PA13.Locked=true
PC6.GPIOParameters=GPIO_Speed,GPIO_PuPd,GPIO_Label,GPIO_Mode
PG4.GPIO_PuPd=GPIO_NOPULL
PD3.GPIO_Mode=GPIO_MODE_AF_PP
RCC.HSI_VALUE=16000000
PA8.GPIO_PuPd=GPIO_NOPULL
PH0/OSC_IN.GPIO_Label=PH0-OSC_IN
PA2.GPIO_ModeDefaultEXTI=GPIO_MODE_EVT_RISING
PF9.GPIO_Mode=GPIO_MODE_AF_PP
RCC.PLLQ=3
SH.GPXTI15.0=GPIO_EXTI15
RCC.PLLM=4
RCC.PLLN=72
PB2/BOOT1.Locked=true
PB8.GPIO_Speed=GPIO_SPEED_FREQ_LOW
PD6.GPIO_Speed=GPIO_SPEED_FREQ_LOW
PG14.GPIO_Speed=GPIO_SPEED_FREQ_LOW
VP_CRC_VS_CRC.Mode=CRC_Activate
LTDC.ImageHeight_L0=320
PB14.GPIO_Mode=GPIO_MODE_AF_PP
PB12.Signal=USB_OTG_HS_ID
PB0.GPIO_PuPd=GPIO_NOPULL
PG11.GPIOParameters=GPIO_Speed,GPIO_PuPd,GPIO_Label,GPIO_Mode
PE1.GPIOParameters=GPIO_Speed,GPIO_PuPd,GPIO_Label,GPIO_Mode
PA3.GPIO_Label=B5
PD6.GPIO_PuPd=GPIO_NOPULL
USB_HOST0.BSP.instance=PC4
PA6.Locked=true
PA11.GPIO_Speed=GPIO_SPEED_FREQ_LOW
USB_OTG_HS.VirtualMode-Host_FS=Host_FS
PB15.GPIO_Mode=GPIO_MODE_AF_PP
VP_SYS_VS_tim6.Mode=TIM6
PB10.Mode=RGB565
PA8.GPIO_Mode=GPIO_MODE_AF_OD
PC12.Locked=true
PG4.Signal=FMC_A14_BA0
PG4.Locked=true
RCC.PLLCLKFreq_Value=72000000
PC12.Signal=UART5_TX
PB14.GPIO_Label=OTG_HS_DM
PA14.GPIO_Label=SWCLK
PG6.GPIO_Label=R7
PD3.GPIOParameters=GPIO_Speed,GPIO_PuPd,GPIO_Label,GPIO_Mode
USB_HOST0.BSP.condition=
PC6.GPIO_Label=HSYNC
PC3.Locked=true
PA3.GPIOParameters=GPIO_Speed,GPIO_PuPd,GPIO_Label,GPIO_Mode
PA6.GPIO_Label=G2
PB6.GPIO_Label=TIM4_CH1_ENC_A
VP_USB_HOST_VS_USB_HOST_CDC_HS.Signal=USB_HOST_VS_USB_HOST_CDC_HS
PA3.GPIO_Speed=GPIO_SPEED_FREQ_LOW
PB13.Signal=USB_OTG_HS_VBUS
PD3.GPIO_Speed=GPIO_SPEED_FREQ_LOW
PG6.Mode=RGB565
PD6.GPIO_Label=B2
PG13.Signal=GPIO_Output
PinOutPanel.RotationAngle=0
PF6.GPIO_Label=DISP_CSn
PE6.GPIO_Label=TIM9_CH2_FAN1_PWM
RCC.SYSCLKSource=RCC_SYSCLKSOURCE_PLLCLK
PB11.GPIO_Speed=GPIO_SPEED_FREQ_LOW
SH.FMC_A15_BA1.0=FMC_BA1
RCC.LCDTFTFreq_Value=25000000
PB2/BOOT1.GPIO_Label=BOOT1
USB_HOST0.BSP.component=
PH1/OSC_OUT.Signal=RCC_OSC_OUT
PC3.Signal=ADCx_IN13
PE5.Signal=S_TIM9_CH1
PE10.Locked=true
PA1.GPIO_PuPd=GPIO_NOPULL
PF10.GPIO_Label=ENABLE [LCD-RGB_ENABLE]
PB13.Locked=true
PG13.Locked=true
PA4.Locked=true
PH0/OSC_IN.Locked=true
MxDb.Version=DB.6.0.10
PB0.GPIOParameters=GPIO_Speed,GPIO_PuPd,GPIO_Label,GPIO_Mode
PE0.GPIOParameters=GPIO_Speed,GPIO_PuPd,GPIO_Label,GPIO_Mode
PG6.GPIO_PuPd=GPIO_NOPULL
PA1.GPIOParameters=GPIO_PuPd,GPIO_Label,GPIO_ModeDefaultEXTI
PH1/OSC_OUT.Locked=true
PD11.GPIO_Mode=GPIO_MODE_INPUT
SH.S_TIM4_CH2.0=TIM4_CH2,Encoder_Interface
PF8.Mode=Full_Duplex_Master
NVIC.PendSV_IRQn=true\:15\:0\:false\:false\:false\:true\:false\:false
PF3.Signal=GPIO_Output
PD3.Mode=RGB565
PE10.Signal=GPIO_Input
VP_TIM1_VS_ClockSourceINT.Mode=Internal
ADC1.SamplingTime-0\#ChannelRegularConversion=ADC_SAMPLETIME_3CYCLES
RCC.MCO2PinFreq_Value=72000000
PF8.GPIOParameters=GPIO_Speed,GPIO_PuPd,GPIO_Label,GPIO_Mode
PD11.Locked=true
PG13.GPIOParameters=GPIO_Speed,GPIO_PuPd,GPIO_Label,GPIO_Mode
PG5.GPIOParameters=GPIO_Speed,GPIO_PuPd,GPIO_Label,GPIO_Mode
PE10.GPIOParameters=GPIO_Label
PA14.Locked=true
PC6.GPIO_PuPd=GPIO_NOPULL
PA5.GPIOParameters=GPIO_Label
PB14.GPIOParameters=GPIO_Speed,GPIO_PuPd,GPIO_Label,GPIO_Mode
SH.FMC_SDCLK.0=FMC_SDCLK
PC2.GPIO_Mode=GPIO_MODE_OUTPUT_PP
PG12.GPIO_PuPd=GPIO_NOPULL
VP_DMA2D_VS_DMA2D.Mode=DMA2D_Activate
NVIC.BusFault_IRQn=true\:0\:0\:false\:false\:true\:false\:false\:false
PB10.GPIOParameters=GPIO_Speed,GPIO_PuPd,GPIO_Label,GPIO_Mode
PA6.GPIO_Speed=GPIO_SPEED_FREQ_LOW
PB11.GPIO_Mode=GPIO_MODE_AF_PP
PA12.GPIO_PuPd=GPIO_NOPULL
PE10.GPIO_Label=FP_BTN_1A
PC6.GPIO_Speed=GPIO_SPEED_FREQ_LOW
SPI5.VirtualType=VM_MASTER
ProjectManager.CustomerFirmwarePackage=
PC4.GPIOParameters=GPIO_Speed,GPIO_PuPd,GPIO_Label,GPIO_Mode
PF4.GPIOParameters=GPIO_Label
RCC.SAI_AClocksFreq_Value=25000000
PG6.GPIO_Speed=GPIO_SPEED_FREQ_LOW
PA0/WKUP.GPIOParameters=GPIO_PuPd,GPIO_Label,GPIO_ModeDefaultEXTI
ADC1.Rank-0\#ChannelRegularConversion=1
PA15.GPIOParameters=GPIO_PuPd,GPIO_Label,GPIO_ModeDefaultEXTI
ADC1.IPParameters=Rank-0\#ChannelRegularConversion,master,Channel-0\#ChannelRegularConversion,SamplingTime-0\#ChannelRegularConversion,NbrOfConversionFlag
PA9.GPIO_Label=STLINK_RX [STM32F103CBT6_PA3]
FREERTOS.configCHECK_FOR_STACK_OVERFLOW=2
PB8.GPIO_PuPd=GPIO_NOPULL
PC6.Signal=LTDC_HSYNC
PB11.GPIO_Label=G5
PD13.GPIOParameters=GPIO_Speed,GPIO_PuPd,GPIO_Label,GPIO_Mode
SH.GPXTI0.ConfNb=1
PA11.GPIO_Label=R4
PE1.GPIO_PuPd=GPIO_NOPULL
UART5.VirtualMode=Asynchronous
PC0.Signal=ADCx_IN10
RCC.APB1CLKDivider=RCC_HCLK_DIV2
PG13.GPIO_Label=LD3 [Green Led]
SH.S_TIM2_CH1_ETR.ConfNb=1
PG10.Signal=LTDC_G3
PG10.Locked=true
PE8.Mode=Asynchronous
PE0.GPIO_Speed=GPIO_SPEED_FREQ_VERY_HIGH
USB_HOST0.BSP.STBoard=false
PA11.Locked=true
PB11.Mode=RGB565
PB14.GPIO_Speed=GPIO_SPEED_FREQ_LOW
SH.S_TIM9_CH2.0=TIM9_CH2,PWM Generation2 CH2
VP_CRC_VS_CRC.Signal=CRC_VS_CRC
PC6.Mode=RGB565
USB_HOST.VirtualModeHS=Cdc
PC6.Locked=true
PA9.Signal=USART1_TX
SH.S_TIM2_CH2.ConfNb=1
PC7.GPIO_PuPd=GPIO_NOPULL
PE9.GPIO_Label=AUX_INTn
PB10.Signal=LTDC_G4
ProjectManager.LastFirmware=true
PA7.GPIO_Speed=GPIO_SPEED_FREQ_LOW
PF2.GPIOParameters=GPIO_Label
VP_SYS_VS_tim6.Signal=SYS_VS_tim6
VP_DMA2D_VS_DMA2D.Signal=DMA2D_VS_DMA2D
PG11.GPIO_Mode=GPIO_MODE_AF_PP
PE8.Signal=UART7_TX
PG5.GPIO_Mode=GPIO_MODE_AF_PP
PC2.GPIOParameters=GPIO_Speed,GPIO_PuPd,GPIO_Label,GPIO_Mode
RCC.EthernetFreq_Value=72000000
PA0/WKUP.GPIO_Label=B1 [Blue PushButton]
PA9.Locked=true
PC6.GPIO_Mode=GPIO_MODE_AF_PP
PE7.Locked=true
PA13.Mode=Serial_Wire
PG14.GPIO_Label=LD4 [Red Led]
ProjectManager.FreePins=false
PG12.GPIO_Mode=GPIO_MODE_AF_PP
SH.FMC_NBL1.ConfNb=1
RCC.RTCHSEDivFreq_Value=4000000
ProjectManager.UnderRoot=false
PE13.Locked=true
PF7.GPIO_PuPd=GPIO_NOPULL
PA4.Signal=LTDC_VSYNC
PB5.Signal=S_TIM3_CH2
PE13.GPIO_Label=FP_BTN_2B
FREERTOS.configUSE_COUNTING_SEMAPHORES=1
PD11.Signal=GPIO_Input
USART1.VirtualMode=VM_ASYNC
ProjectManager.CompilerOptimize=6
PG11.Mode=RGB565
LTDC.Alpha_L0=255
PA11.Signal=LTDC_R4
SH.S_TIM2_CH1_ETR.0=TIM2_ETR,ClockSourceETR_Mode2
PF8.Locked=true
SH.S_TIM3_CH1.ConfNb=1
ProjectManager.ComputerToolchain=false
PF9.Signal=SPI5_MOSI
PC9.GPIO_Speed=GPIO_SPEED_FREQ_LOW
PB8.Mode=RGB565
PC3.GPIO_Label=ADC1_IN13_HWID_MB
PF3.Locked=true
PA8.Mode=I2C
PE12.GPIOParameters=GPIO_Label
PB12.GPIO_PuPd=GPIO_NOPULL
VP_TIM2_VS_ControllerModeGated.Mode=Gated Mode
SPI5.IPParameters=Mode,CalculateBaudRate,VirtualType,Direction,BaudRatePrescaler
PG6.GPIO_Mode=GPIO_MODE_AF_PP
PB0.Signal=LTDC_R3
VP_TIM2_VS_ControllerModeGated.Signal=TIM2_VS_ControllerModeGated
USB_HOST0.BSP.mode=Output
PA7.GPIOParameters=GPIO_Speed,GPIO_PuPd,GPIO_Label,GPIO_Mode
PC0.Locked=true
PE0.GPIO_Mode=GPIO_MODE_AF_PP
PC1.Signal=GPIO_Output
PB12.GPIOParameters=GPIO_Speed,GPIO_PuPd,GPIO_Label,GPIO_Mode
PG7.GPIOParameters=GPIO_Speed,GPIO_PuPd,GPIO_Label,GPIO_Mode
PD2.GPIO_Label=DBGUART5_RX
PG10.GPIO_Label=G3
PH0/OSC_IN.GPIOParameters=GPIO_Label
SH.GPXTI1.0=GPIO_EXTI1
PA2.GPIO_PuPd=GPIO_NOPULL
SH.S_TIM4_CH2.ConfNb=1
RCC.CortexFreq_Value=72000000
PG6.Signal=LTDC_R7
Mcu.UserName=STM32F429ZITx
PB10.GPIO_Speed=GPIO_SPEED_FREQ_LOW
LTDC.HBP=20
PC10.Locked=true
PG6.Locked=true
PC10.Signal=LTDC_R2
SH.FMC_NBL0.0=FMC_NBL0
ProjectManager.functionlistsort=1-MX_GPIO_Init-GPIO-false-HAL-true,2-SystemClock_Config-RCC-false-HAL-false,3-MX_ADC1_Init-ADC1-false-HAL-true,4-MX_CRC_Init-CRC-false-HAL-true,5-MX_DMA2D_Init-DMA2D-false-HAL-true,6-MX_I2C3_Init-I2C3-false-HAL-true,7-MX_LTDC_Init-LTDC-false-HAL-true,8-MX_SPI5_Init-SPI5-false-HAL-true,9-MX_TIM1_Init-TIM1-false-HAL-true,10-MX_TIM2_Init-TIM2-false-HAL-true,11-MX_TIM3_Init-TIM3-false-HAL-true,12-MX_TIM4_Init-TIM4-false-HAL-true,13-MX_TIM9_Init-TIM9-false-HAL-true,14-MX_UART5_Init-UART5-false-HAL-true,15-MX_UART7_Init-UART7-false-HAL-true,16-MX_USART1_UART_Init-USART1-false-HAL-true,17-MX_USB_HOST_Init-USB_HOST-false-HAL-false
PC0.GPIOParameters=GPIO_Label
PC0.GPIO_Label=ADC1_IN10_HWID_FP
PA0/WKUP.Signal=GPXTI0
PC9.Locked=true
PB0.GPIO_Label=R3
PC10.GPIO_Speed=GPIO_SPEED_FREQ_LOW
PA11.GPIO_PuPd=GPIO_NOPULL
PB11.GPIO_PuPd=GPIO_NOPULL
PB11.Signal=LTDC_G5
PG8.GPIO_Mode=GPIO_MODE_AF_PP
PE5.GPIOParameters=GPIO_Label
ProjectManager.StackSize=0x400
RCC.SAI_BClocksFreq_Value=25000000
PD11.GPIO_PuPd=GPIO_NOPULL
PB4.GPIOParameters=GPIO_Label
PA12.Locked=true
PA12.Signal=LTDC_R5
Mcu.UserConstants=
PC1.GPIOParameters=GPIO_Speed,GPIO_PuPd,GPIO_Label,GPIO_Mode
PF5.Locked=true
Mcu.ThirdPartyNb=0
PE1.GPIO_Mode=GPIO_MODE_AF_PP
PH0/OSC_IN.Mode=HSE-External-Oscillator
PG11.GPIO_PuPd=GPIO_NOPULL
PD11.GPIO_Label=TE [LCD-RGB_TE]
RCC.HCLKFreq_Value=72000000
Mcu.IPNb=20
RCC.I2SClocksFreq_Value=192000000
PA0/WKUP.Locked=true
PD8.GPIOParameters=GPIO_Label
FREERTOS.configUSE_MALLOC_FAILED_HOOK=1
Mcu.Pin6=PF4
Mcu.Pin7=PF5
Mcu.Pin8=PF6
Mcu.Pin9=PF7
RCC.VCOSAIOutputFreq_Value=100000000
RCC.AHBFreq_Value=72000000
Mcu.Pin0=PE5
Mcu.Pin1=PE6
Mcu.Pin2=PC14/OSC32_IN
Mcu.Pin3=PC15/OSC32_OUT
PC1.GPIO_Mode=GPIO_MODE_OUTPUT_PP
Mcu.Pin4=PF2
Mcu.Pin5=PF3
PG13.GPIO_PuPd=GPIO_NOPULL
PE13.Signal=GPIO_Input
USB_HOST.USBH_HandleTypeDef-CDC_HS=hUsbHostHS
PF7.GPIO_Label=SPI5_SCK [L3GD20_SCL/SPC]
PG4.GPIO_Speed=GPIO_SPEED_FREQ_VERY_HIGH
File.Version=6
PA10.GPIO_Label=STLINK_TX [STM32F103CBT6_PA2]
SH.ADCx_IN13.ConfNb=1
PB3.GPIOParameters=GPIO_Label
LTDC.HFP=10
PB8.Locked=true
LTDC.BlendingFactor2_L0=LTDC_BLENDING_FACTOR2_PAxCA
PA0/WKUP.GPIO_ModeDefaultEXTI=GPIO_MODE_EVT_RISING
LTDC.ActiveW=240
USB_HOST0.BSP.i2creg=0
PH1/OSC_OUT.Mode=HSE-External-Oscillator
PE6.GPIOParameters=GPIO_Label
FREERTOS.configTOTAL_HEAP_SIZE=32768
PD12.GPIO_Mode=GPIO_MODE_OUTPUT_PP
ProjectManager.ProjectName=f429diso_fpdev
USB_HOST0.BSP.i2caddr=0
SPI5.BaudRatePrescaler=SPI_BAUDRATEPRESCALER_16
PA7.Locked=true
PC14/OSC32_IN.Signal=RCC_OSC32_IN
PA2.GPIO_Label=MEMS_INT2 [L3GD20_INT2]
RCC.LSI_VALUE=32000
PF5.GPIO_Label=DISP_DCn
SH.GPXTI5.ConfNb=1
PE0.GPIO_Label=NBL0 [SDRAM_LDQM]
RCC.PLLSAIN=50
PF5.Signal=GPIO_Output
PB9.GPIO_Speed=GPIO_SPEED_FREQ_LOW
PC4.Locked=true
SH.S_TIM9_CH2.ConfNb=1
PG13.GPIO_Speed=GPIO_SPEED_FREQ_LOW
SH.FMC_NBL0.ConfNb=1
PC2.GPIO_Label=CSX [LCD-RGB_CSX]
TIM9.IPParameters=Channel-PWM Generation1 CH1,Channel-PWM Generation2 CH2
PB3.GPIO_Label=TIM2_CH2_SQW
PA2.Locked=true
SH.GPXTI5.0=GPIO_EXTI5
PE8.GPIOParameters=GPIO_Label
LTDC.FBStartAdress_L0=0xD0000000
PD12.GPIO_Speed=GPIO_SPEED_FREQ_LOW
PB9.GPIO_Label=B7
PC10.GPIO_Label=R2
ProjectManager.NoMain=false
PC4.GPIO_PuPd=GPIO_NOPULL
SH.FMC_SDCLK.ConfNb=1
PC4.Signal=GPIO_Output
PG10.Mode=RGB565
USB_HOST.BSP.number=1
FREERTOS.configUSE_APPLICATION_TASK_TAG=1
PG10.GPIO_Speed=GPIO_SPEED_FREQ_LOW
PE9.GPIOParameters=GPIO_Label
PD12.Locked=true
PC12.GPIOParameters=GPIO_Label
PF7.Mode=Full_Duplex_Master
SH.S_TIM2_CH2.0=TIM2_CH2,TriggerSource_TI2FP2
PD12.GPIOParameters=GPIO_Speed,GPIO_PuPd,GPIO_Label,GPIO_Mode
ProjectManager.TargetToolchain=EWARM V8.32
PE7.GPIOParameters=GPIO_Label
LTDC.ActiveH=320
RCC.VcooutputI2SQ=192000000
PF2.Signal=GPIO_Output
PC2.Locked=true
ProjectManager.RegisterCallBack=
PF5.GPIOParameters=GPIO_Label
PE11.Signal=GPIO_Input
PG7.Mode=RGB565
RCC.LSE_VALUE=32768
PD3.Locked=true
PB12.GPIO_Speed=GPIO_SPEED_FREQ_LOW
PB1.Locked=true
PG14.Signal=GPIO_Output
SH.S_TIM3_CH2.0=TIM3_CH2,Encoder_Interface
PB0.Mode=RGB565
PB9.GPIO_Mode=GPIO_MODE_AF_PP
PD11.GPIOParameters=GPIO_PuPd,GPIO_Label,GPIO_Mode
PA12.GPIO_Mode=GPIO_MODE_AF_PP
PH0/OSC_IN.Signal=RCC_OSC_IN
PG7.GPIO_Speed=GPIO_SPEED_FREQ_LOW
NVIC.SavedSystickIrqHandlerGenerated=true
RCC.APB2Freq_Value=72000000
USB_HOST0.BSP.api=UnknownBspDriver
PG4.GPIOParameters=GPIO_Speed,GPIO_PuPd,GPIO_Label,GPIO_Mode
LTDC.Layers=0
PF10.Signal=LTDC_DE
PB15.GPIO_Speed=GPIO_SPEED_FREQ_LOW
PE1.GPIO_Speed=GPIO_SPEED_FREQ_VERY_HIGH
SH.ADCx_IN10.ConfNb=1
PD13.GPIO_PuPd=GPIO_NOPULL
PA4.GPIOParameters=GPIO_Speed,GPIO_PuPd,GPIO_Label,GPIO_Mode
PC2.GPIO_PuPd=GPIO_NOPULL
PE6.Signal=S_TIM9_CH2
PB15.GPIOParameters=GPIO_Speed,GPIO_PuPd,GPIO_Label,GPIO_Mode
PE11.Locked=true
Mcu.Name=STM32F429ZITx
PA2.Signal=GPXTI2
PA13.GPIO_Label=SWDIO
PB3.Signal=S_TIM2_CH2
PE7.Mode=Asynchronous
PA7.GPIO_Label=ACP_RST
PA12.Mode=RGB565
PG12.Locked=true
PC5.GPIO_Label=OTG_FS_OC [OTG_FS_OverCurrent]
PA14.Signal=SYS_JTCK-SWCLK
SH.ADCx_IN10.0=ADC1_IN10,IN10
PF6.GPIOParameters=GPIO_Label
PG12.GPIO_Label=B4
ADC1.NbrOfConversionFlag=1
PF8.GPIO_Speed=GPIO_SPEED_FREQ_LOW
PA15.GPIO_PuPd=GPIO_NOPULL
PB8.Signal=LTDC_B6
PC9.Signal=I2C3_SDA
PC7.Mode=RGB565
PA11.GPIO_Mode=GPIO_MODE_AF_PP
PB8.GPIO_Mode=GPIO_MODE_AF_PP
RCC.APB1Freq_Value=36000000
PB11.Locked=true
ProjectManager.DeviceId=STM32F429ZITx
ProjectManager.LibraryCopy=0
PD12.GPIO_PuPd=GPIO_NOPULL
SPI5.Direction=SPI_DIRECTION_2LINES
PB1.GPIOParameters=GPIO_Speed,GPIO_PuPd,GPIO_Label,GPIO_Mode
PA7.Signal=GPIO_Output
PF2.GPIO_Label=SYS_RSTn
