#MicroXplorer Configuration settings - do not modify
Mcu.Family=STM32F1
ProjectManager.MainLocation=Src
PA2.GPIO_PuPd=GPIO_PULLUP
RCC.MCOFreq_Value=72000000
PB13.GPIOParameters=GPIO_PuPd,GPIO_Label
SH.S_TIM4_CH2.ConfNb=1
ProjectManager.KeepUserCode=true
Mcu.UserName=STM32F103CBTx
SPI1.VirtualType=VM_MASTER
PB10.Mode=Asynchronous
ADC1.ContinuousConvMode=DISABLE
TIM1.RepetitionCounter=0
TIM1.IPParameters=Prescaler,CounterMode,Period,ClockDivision,RepetitionCounter,AutoReloadPreload,TIM_MasterSlaveMode,TIM_MasterOutputTrigger
PA10.GPIO_PuPd=GPIO_PULLUP
USART1.BaudRate=115200
RCC.PLLCLKFreq_Value=72000000
PC13-TAMPER-RTC.GPIOParameters=GPIO_Label
PB14.GPIO_Label=FP_BTN_2Bn
USART1.WordLength=WORDLENGTH_8B
TIM4.EncoderMode=TIM_ENCODERMODE_TI1
PA12.GPIOParameters=GPIO_PuPd,GPIO_Label
ProjectManager.functionlistsort=1-MX_GPIO_Init-GPIO-false-HAL-true,2-SystemClock_Config-RCC-false-HAL-true,3-MX_USART1_UART_Init-USART1-false-HAL-true,4-MX_SPI1_Init-SPI1-false-HAL-true,5-MX_ADC1_Init-ADC1-false-HAL-true,6-MX_TIM3_Init-TIM3-false-HAL-true,7-MX_TIM1_Init-TIM1-false-HAL-true,8-MX_TIM2_Init-TIM2-false-HAL-true,9-MX_TIM4_Init-TIM4-false-HAL-true,10-MX_USART3_UART_Init-USART3-false-HAL-true
PA11.GPIOParameters=GPIO_PuPd,GPIO_Label
RCC.ADCFreqValue=9000000
PA6.GPIO_Label=ADC1_IN6_HWID_FP
PB6.GPIO_Label=FP_ENC_A_TIM4_CH1
PA11.GPIO_PuPd=GPIO_PULLUP
USART1.IPParameters=BaudRate,WordLength,Parity,StopBits,Mode,VirtualMode
SPI1.TIMode=SPI_TIMODE_DISABLE
PB13.GPIO_Label=FP_BTN_2An
PB11.Signal=USART3_RX
PB13.Signal=GPIO_Input
PB15.Signal=GPIO_Input
PA2.GPIOParameters=GPIO_PuPd,GPIO_Label
PinOutPanel.RotationAngle=0
TIM3.Channel-PWM\ Generation4\ CH4=TIM_CHANNEL_4
TIM4.TIM_MasterOutputTrigger=TIM_TRGO_RESET
RCC.SYSCLKSource=RCC_SYSCLKSOURCE_PLLCLK
ProjectManager.StackSize=0x400
PD1-OSC_OUT.Signal=RCC_OSC_OUT
TIM3.OC3Preload_PWM=ENABLE
Mcu.IP4=SYS
RCC.FCLKCortexFreq_Value=72000000
Mcu.IP5=TIM1
NVIC.SVCall_IRQn=true\:0\:0\:false\:false\:true\:false\:false
Mcu.IP2=RCC
Mcu.IP3=SPI1
PA15.GPIO_Label=FLASH_CSn
PB4.GPIOParameters=GPIO_PuPd
Mcu.IP0=ADC1
Mcu.IP1=NVIC
PA12.Signal=GPIO_Input
TIM4.IC1Selection=TIM_ICSELECTION_DIRECTTI
TIM1.Prescaler=0
SPI1.CLKPolarity=SPI_POLARITY_LOW
USART1.StopBits=STOPBITS_1
USART3.BaudRate=115200
Mcu.UserConstants=USBD_AUDIO_FREQ,8000;USBD_CUSTOMHID_OUTREPORT_BUF_SIZE,2;USBD_CUSTOM_HID_REPORT_DESC_SIZE,1;USBD_DFU_XFER_SIZE,1;USBD_DFU_MAX_ITF_NUM,1;USBD_DFU_APP_DEFAULT_ADD,0x0800c000;MSC_MEDIA_PACKET,1
PA7.PinState=GPIO_PIN_SET
Mcu.ThirdPartyNb=0
ADC1.Mode=__NULL
SPI1.Direction=SPI_DIRECTION_2LINES
RCC.HCLKFreq_Value=72000000
Mcu.IPNb=11
TIM2.IPParameters=Prescaler,CounterMode,Period,ClockDivision,AutoReloadPreload,TIM_MasterSlaveMode,TIM_MasterOutputTrigger,ClockFilter,Slave_TriggerPolarity,Slave_TriggerFilter,TIM_SlaveMode,ClockPolarity,ClockPrescaler
ProjectManager.PreviousToolchain=
RCC.APB2TimFreq_Value=72000000
TIM3.Period=65535
PB6.Signal=S_TIM4_CH1
SPI1.CalculateBaudRate=9.0 MBits/s
TIM2.ClockDivision=TIM_CLOCKDIVISION_DIV1
PA8.GPIOParameters=PinState,GPIO_Label
Mcu.Pin6=PA2
TIM3.OCMode_PWM-PWM\ Generation3\ CH3=TIM_OCMODE_PWM1
Mcu.Pin7=PA5
Mcu.Pin8=PA6
Mcu.Pin9=PA7
TIM2.ClockPrescaler=TIM_CLOCKPRESCALER_DIV1
RCC.AHBFreq_Value=72000000
Mcu.Pin0=PC13-TAMPER-RTC
Mcu.Pin1=PC14-OSC32_IN
GPIO.groupedBy=Group By Peripherals
Mcu.Pin2=PD0-OSC_IN
Mcu.Pin3=PD1-OSC_OUT
TIM3.ClockDivision=TIM_CLOCKDIVISION_DIV1
Mcu.Pin4=PA0-WKUP
Mcu.Pin5=PA1
TIM3.Pulse-PWM\ Generation3\ CH3=0
ProjectManager.ProjectBuild=false
RCC.HSE_VALUE=16000000
NVIC.UsageFault_IRQn=true\:0\:0\:false\:false\:true\:false\:false
NVIC.DebugMonitor_IRQn=true\:0\:0\:false\:false\:true\:false\:false
PB3.Mode=Full_Duplex_Master
ADC1.ScanConvMode=ADC_SCAN_DISABLE
Mcu.IP10=USART3
NVIC.SysTick_IRQn=true\:0\:0\:false\:false\:true\:false\:true
RCC.PLLMUL=RCC_PLL_MUL9
PB12.GPIO_Label=SYS_RSTn
ProjectManager.FirmwarePackage=STM32Cube FW_F1 V1.8.3
MxDb.Version=DB.6.0.10
PB4.Mode=Full_Duplex_Master
ProjectManager.BackupPrevious=false
PA14.Mode=Serial_Wire
TIM3.Prescaler=0
PB5.Mode=Full_Duplex_Master
SPI1.DataSize=SPI_DATASIZE_8BIT
File.Version=6
SH.S_TIM4_CH2.0=TIM4_CH2,Encoder_Interface
PB7.Signal=S_TIM4_CH2
PA8.Signal=GPIO_Output
NVIC.PendSV_IRQn=true\:0\:0\:false\:false\:true\:false\:false
SPI1.FirstBit=SPI_FIRSTBIT_MSB
TIM4.Period=65535
USART3.StopBits=STOPBITS_1
SH.ADCx_IN6.ConfNb=1
SPI1.NSS=SPI_NSS_SOFT
PB6.GPIOParameters=GPIO_Label
ProjectManager.HalAssertFull=true
VP_TIM1_VS_ClockSourceINT.Mode=Internal
TIM2.TIM_SlaveMode=TIM_SLAVEMODE_GATED
TIM3.OCPolarity_4=TIM_OCPOLARITY_HIGH
ProjectManager.ProjectName=f103cb_fpdev
RCC.PLLMCOFreq_Value=36000000
TIM3.OCPolarity_3=TIM_OCPOLARITY_HIGH
PB7.GPIO_Label=FP_ENC_B_TIM4_CH2
Mcu.Package=LQFP48
TIM2.Prescaler=0
PB14.GPIO_PuPd=GPIO_NOPULL
PB1.Signal=S_TIM3_CH4
PA6.Signal=ADCx_IN6
ADC1.EnableInjectedConversion=DISABLE
PB15.GPIO_PuPd=GPIO_PULLUP
TIM4.IC1Polarity=TIM_ICPOLARITY_RISING
ProjectManager.ToolChainLocation=
PA2.GPIO_Label=AUX_INTn
VP_SYS_VS_Systick.Signal=SYS_VS_Systick
USART3.IPParameters=BaudRate,WordLength,Parity,StopBits,Mode,VirtualMode
PA10.Signal=USART1_RX
PA15.Signal=GPIO_Output
PA5.GPIOParameters=GPIO_Label
PB14.GPIOParameters=GPIO_PuPd,GPIO_Label
TIM4.IC1Filter=0
TIM2.TIM_MasterOutputTrigger=TIM_TRGO_RESET
SH.S_TIM4_CH1.0=TIM4_CH1,Encoder_Interface
RCC.APB1TimFreq_Value=72000000
NVIC.BusFault_IRQn=true\:0\:0\:false\:false\:true\:false\:false
TIM1.Period=65535
NVIC.USART1_IRQn=true\:0\:0\:false\:false\:false\:true\:true
PA12.GPIO_PuPd=GPIO_PULLUP
SPI1.BaudRatePrescaler=SPI_BAUDRATEPRESCALER_8
ProjectManager.CustomerFirmwarePackage=
VP_TIM3_VS_ClockSourceINT.Mode=Internal
TIM4.IC2Selection=TIM_ICSELECTION_DIRECTTI
PA8.PinState=GPIO_PIN_SET
PB4.Signal=SPI1_MISO
PA6.GPIOParameters=GPIO_Label
ADC1.Channel-IN6=ADC_CHANNEL_6
ADC1.Channel-IN5=ADC_CHANNEL_5
RCC.PLLSourceVirtual=RCC_PLLSOURCE_HSE
SH.S_TIM4_CH1.ConfNb=1
ProjectManager.ProjectFileName=f103cb_fpdev.ioc
TIM4.AutoReloadPreload=TIM_AUTORELOAD_PRELOAD_DISABLE
TIM3.CounterMode=TIM_COUNTERMODE_UP
PD1-OSC_OUT.Mode=HSE-External-Oscillator
TIM2.CounterMode=TIM_COUNTERMODE_UP
TIM4.CounterMode=TIM_COUNTERMODE_UP
PA10.Mode=Asynchronous
PA15.GPIOParameters=PinState,GPIO_Label
Mcu.PinsNb=35
TIM3.OCFastMode_PWM-PWM\ Generation3\ CH3=TIM_OCFAST_DISABLE
TIM3.AutoReloadPreload=TIM_AUTORELOAD_PRELOAD_DISABLE
ProjectManager.NoMain=false
SPI1.IPParameters=TIMode,DataSize,FirstBit,BaudRatePrescaler,CLKPolarity,CLKPhase,CRCCalculation,NSS,VirtualType,Mode,Direction,CalculateBaudRate
SH.ADCx_IN6.0=ADC1_IN6,IN6
ADC1.IPParameters=Channel-IN5,Channel-IN6,Mode,DataAlign,ScanConvMode,ContinuousConvMode,DiscontinuousConvMode,EnableRegularConversion,EnableInjectedConversion,master,Rank-18\#ChannelRegularConversion,Channel-18\#ChannelRegularConversion,SamplingTime-18\#ChannelRegularConversion,NbrOfConversionFlag,NbrOfConversion
TIM1.CounterMode=TIM_COUNTERMODE_UP
TIM3.OCMode_PWM-PWM\ Generation4\ CH4=TIM_OCMODE_PWM1
ADC1.Rank-18\#ChannelRegularConversion=1
ADC1.DiscontinuousConvMode=DISABLE
PC13-TAMPER-RTC.Signal=GPIO_Output
PA11.GPIO_Label=FP_BTN_1Bn
ProjectManager.DefaultFWLocation=true
SPI1.CLKPhase=SPI_PHASE_1EDGE
TIM4.IC2Filter=0
PD0-OSC_IN.Signal=RCC_OSC_IN
TIM4.TIM_MasterSlaveMode=TIM_MASTERSLAVEMODE_DISABLE
ProjectManager.DeletePrevious=true
RCC.APB1CLKDivider=RCC_HCLK_DIV2
TIM2.ClockFilter=0
PC14-OSC32_IN.Signal=RCC_OSC32_IN
SH.S_TIM3_CH3.0=TIM3_CH3,PWM Generation3 CH3
SH.S_TIM2_CH1_ETR.ConfNb=1
PA12.GPIO_Label=FP_BTN_1An
TIM2.Slave_TriggerPolarity=TIM_TRIGGERPOLARITY_RISING
RCC.FamilyName=M
PA0-WKUP.Signal=S_TIM2_CH1_ETR
TIM1.ClockDivision=TIM_CLOCKDIVISION_DIV1
RCC.ADCPresc=RCC_ADCPCLK2_DIV8
PA13.Signal=SYS_JTMS-SWDIO
TIM1.AutoReloadPreload=TIM_AUTORELOAD_PRELOAD_DISABLE
TIM3.Channel-PWM\ Generation3\ CH3=TIM_CHANNEL_3
SH.S_TIM2_CH2.0=TIM2_CH2,TriggerSource_TI2FP2
PA9.Mode=Asynchronous
PA8.GPIO_Label=DISP_CSn
PB11.Mode=Asynchronous
ProjectManager.TargetToolchain=Makefile
TIM4.IPParameters=Prescaler,CounterMode,Period,ClockDivision,AutoReloadPreload,TIM_MasterSlaveMode,TIM_MasterOutputTrigger,EncoderMode,IC1Polarity,IC1Selection,IC1Prescaler,IC1Filter,IC2Polarity,IC2Selection,IC2Prescaler,IC2Filter
SH.S_TIM3_CH3.ConfNb=1
ADC1.Channel-18\#ChannelRegularConversion=ADC_CHANNEL_6
PB7.GPIOParameters=GPIO_Label
PA9.Signal=USART1_TX
USART1.Parity=PARITY_NONE
SH.S_TIM2_CH2.ConfNb=1
VP_TIM1_VS_ClockSourceINT.Signal=TIM1_VS_ClockSourceINT
TIM4.IC2Prescaler=TIM_ICPSC_DIV2
PB4.GPIO_PuPd=GPIO_PULLDOWN
ProjectManager.RegisterCallBack=
RCC.USBFreq_Value=72000000
VP_TIM3_VS_ClockSourceINT.Signal=TIM3_VS_ClockSourceINT
TIM4.Prescaler=0
PA1.Signal=S_TIM2_CH2
PD0-OSC_IN.Mode=HSE-External-Oscillator
PB10.Signal=USART3_TX
TIM4.IC2Polarity=TIM_ICPOLARITY_RISING
PB14.Signal=GPIO_Input
PA5.Signal=ADCx_IN5
board=cube_setup
ProjectManager.LastFirmware=true
PC13-TAMPER-RTC.GPIO_Label=BRD_LED_AUX_BOOT0
USART3.WordLength=WORDLENGTH_8B
PB13.GPIO_PuPd=GPIO_PULLUP
RCC.VCOOutput2Freq_Value=8000000
PA15.PinState=GPIO_PIN_SET
TIM1.TIM_MasterOutputTrigger=TIM_TRGO_RESET
RCC.APB2Freq_Value=72000000
SPI1.CRCCalculation=SPI_CRCCALCULATION_DISABLE
MxCube.Version=6.1.1
USART1.Mode=MODE_TX_RX
TIM4.ClockDivision=TIM_CLOCKDIVISION_DIV1
PB15.GPIO_Label=FP_ENC_SWn
SPI1.Mode=SPI_MODE_MASTER
Mcu.Pin30=PB7
PA10.GPIOParameters=GPIO_PuPd
VP_SYS_VS_Systick.Mode=SysTick
TIM3.OC4Preload_PWM=ENABLE
Mcu.Pin33=VP_TIM2_VS_ControllerModeGated
TIM3.IPParameters=Prescaler,CounterMode,Period,ClockDivision,AutoReloadPreload,TIM_MasterSlaveMode,TIM_MasterOutputTrigger,OCMode_PWM-PWM Generation3 CH3,Pulse-PWM Generation3 CH3,OC3Preload_PWM,OCFastMode_PWM-PWM Generation3 CH3,OCPolarity_3,OCMode_PWM-PWM Generation4 CH4,Pulse-PWM Generation4 CH4,OC4Preload_PWM,OCFastMode_PWM-PWM Generation4 CH4,OCPolarity_4,Channel-PWM Generation3 CH3,Channel-PWM Generation4 CH4
Mcu.Pin34=VP_TIM3_VS_ClockSourceINT
Mcu.Pin31=VP_SYS_VS_Systick
Mcu.Pin32=VP_TIM1_VS_ClockSourceINT
NVIC.NonMaskableInt_IRQn=true\:0\:0\:false\:false\:true\:false\:false
TIM2.Period=65535
PB15.GPIOParameters=GPIO_PuPd,GPIO_Label
ADC1.NbrOfConversion=1
TIM2.Slave_TriggerFilter=0
PA13.Mode=Serial_Wire
ProjectManager.FreePins=false
RCC.IPParameters=ADCFreqValue,ADCPresc,AHBFreq_Value,APB1CLKDivider,APB1Freq_Value,APB1TimFreq_Value,APB2Freq_Value,APB2TimFreq_Value,FCLKCortexFreq_Value,FamilyName,HCLKFreq_Value,HSEDivPLL,HSE_VALUE,MCOFreq_Value,PLLCLKFreq_Value,PLLMCOFreq_Value,PLLMUL,PLLSourceVirtual,SYSCLKFreq_VALUE,SYSCLKSource,TimSysFreq_Value,USBFreq_Value,VCOOutput2Freq_Value
ProjectManager.AskForMigrate=true
Mcu.Name=STM32F103C(8-B)Tx
Mcu.Pin26=PB3
Mcu.Pin27=PB4
PA2.Signal=GPIO_Input
Mcu.Pin24=PA14
ProjectManager.UnderRoot=false
Mcu.Pin25=PA15
Mcu.IP8=TIM4
Mcu.IP9=USART1
Mcu.Pin28=PB5
Mcu.IP6=TIM2
Mcu.Pin29=PB6
Mcu.IP7=TIM3
ProjectManager.CoupleFile=true
PB3.Signal=SPI1_SCK
TIM3.OCFastMode_PWM-PWM\ Generation4\ CH4=TIM_OCFAST_DISABLE
RCC.SYSCLKFreq_VALUE=72000000
Mcu.Pin22=PA12
PB5.Signal=SPI1_MOSI
USART3.Mode=MODE_TX_RX
Mcu.Pin23=PA13
RCC.TimSysFreq_Value=72000000
PA7.GPIO_Label=DISP_DCn
Mcu.Pin20=PA10
ADC1.master=1
Mcu.Pin21=PA11
PA5.GPIO_Label=ADC1_IN5_HWID_MB
NVIC.ForceEnableDMAVector=true
KeepUserPlacement=false
USART3.VirtualMode=VM_ASYNC
RCC.HSEDivPLL=RCC_HSE_PREDIV_DIV2
NVIC.MemoryManagement_IRQn=true\:0\:0\:false\:false\:true\:false\:false
TIM3.TIM_MasterSlaveMode=TIM_MASTERSLAVEMODE_DISABLE
USART1.VirtualMode=VM_ASYNC
ProjectManager.CompilerOptimize=2
PA11.Signal=GPIO_Input
SH.S_TIM2_CH1_ETR.0=TIM2_ETR,ClockSourceETR_Mode2
PA14.Signal=SYS_JTCK-SWCLK
ProjectManager.HeapSize=0x200
Mcu.Pin15=PB13
NVIC.HardFault_IRQn=true\:0\:0\:false\:false\:true\:false\:false
Mcu.Pin16=PB14
Mcu.Pin13=PB11
Mcu.Pin14=PB12
Mcu.Pin19=PA9
ProjectManager.ComputerToolchain=false
Mcu.Pin17=PB15
Mcu.Pin18=PA8
SH.ADCx_IN5.0=ADC1_IN5,IN5
SH.S_TIM3_CH4.ConfNb=1
TIM2.ClockPolarity=TIM_CLOCKPOLARITY_NONINVERTED
NVIC.PriorityGroup=NVIC_PRIORITYGROUP_4
ADC1.NbrOfConversionFlag=1
Mcu.Pin11=PB1
Mcu.Pin12=PB10
Mcu.Pin10=PB0
TIM2.TIM_MasterSlaveMode=TIM_MASTERSLAVEMODE_DISABLE
ADC1.EnableRegularConversion=ENABLE
TIM2.AutoReloadPreload=TIM_AUTORELOAD_PRELOAD_DISABLE
SH.ADCx_IN5.ConfNb=1
TIM3.TIM_MasterOutputTrigger=TIM_TRGO_RESET
VP_TIM2_VS_ControllerModeGated.Mode=Gated Mode
ADC1.DataAlign=ADC_DATAALIGN_RIGHT
RCC.APB1Freq_Value=36000000
PB0.Signal=S_TIM3_CH3
VP_TIM2_VS_ControllerModeGated.Signal=TIM2_VS_ControllerModeGated
PA7.GPIOParameters=PinState,GPIO_Label
ADC1.SamplingTime-18\#ChannelRegularConversion=ADC_SAMPLETIME_28CYCLES_5
TIM3.Pulse-PWM\ Generation4\ CH4=0
ProjectManager.DeviceId=STM32F103CBTx
PB12.GPIOParameters=GPIO_Label
PB12.Signal=GPIO_Output
ProjectManager.LibraryCopy=1
TIM1.TIM_MasterSlaveMode=TIM_MASTERSLAVEMODE_DISABLE
SH.S_TIM3_CH4.0=TIM3_CH4,PWM Generation4 CH4
PA7.Signal=GPIO_Output
USART3.Parity=PARITY_NONE
TIM4.IC1Prescaler=TIM_ICPSC_DIV2
